{
  "originHash" : "15a2c63a27d0173ed4d5a400a7bcda413829d28c1af3a613fe6104b8cd99f63e",
  "pins" : [
    {
      "identity" : "maplibre-gl-native-distribution",
      "kind" : "remoteSourceControl",
      "location" : "https://github.com/maplibre/maplibre-gl-native-distribution",
      "state" : {
        "revision" : "0f0359865882095c57a555a002bb90b677388874",
        "version" : "6.11.0"
      }
    }
  ],
  "version" : 3
}
