// !$*UTF8*$!
{
	archiveVersion = 1;
	classes = {
	};
	objectVersion = 55;
	objects = {

/* Begin PBXBuildFile section */
		00E356F31AD99517003FC87E /* HeliumWalletTests.m in Sources */ = {isa = PBXBuildFile; fileRef = 00E356F21AD99517003FC87E /* HeliumWalletTests.m */; };
		13B07FBC1A68108700A75B9A /* AppDelegate.mm in Sources */ = {isa = PBXBuildFile; fileRef = 13B07FB01A68108700A75B9A /* AppDelegate.mm */; };
		13B07FBF1A68108700A75B9A /* Images.xcassets in Resources */ = {isa = PBXBuildFile; fileRef = 13B07FB51A68108700A75B9A /* Images.xcassets */; };
		13B07FC11A68108700A75B9A /* main.mm in Sources */ = {isa = PBXBuildFile; fileRef = 13B07FB71A68108700A75B9A /* main.mm */; };
		1A7DAB918483F1C2761BA7A4 /* ExpoModulesProvider.swift in Sources */ = {isa = PBXBuildFile; fileRef = 296757835722BB74360F9FEF /* ExpoModulesProvider.swift */; };
		31B6D29CFC726A9C37946D71 /* libPods-HeliumWallet.a in Frameworks */ = {isa = PBXBuildFile; fileRef = B83B6ABAD63F1D810AF84CE5 /* libPods-HeliumWallet.a */; };
		45330C4A223536223298B2A3 /* ExpoModulesProvider.swift in Sources */ = {isa = PBXBuildFile; fileRef = 645194928E31AE79BE70ED88 /* ExpoModulesProvider.swift */; };
		50D1D6AC2763AAA2009D52C0 /* DMSans-Bold.ttf in Resources */ = {isa = PBXBuildFile; fileRef = 50D1D6A62763AAA2009D52C0 /* DMSans-Bold.ttf */; };
		50D1D6AD2763AAA2009D52C0 /* DMSans-BoldItalic.ttf in Resources */ = {isa = PBXBuildFile; fileRef = 50D1D6A72763AAA2009D52C0 /* DMSans-BoldItalic.ttf */; };
		50D1D6AE2763AAA2009D52C0 /* DMSans-Medium.ttf in Resources */ = {isa = PBXBuildFile; fileRef = 50D1D6A82763AAA2009D52C0 /* DMSans-Medium.ttf */; };
		50D1D6AF2763AAA2009D52C0 /* DMSans-MediumItalic.ttf in Resources */ = {isa = PBXBuildFile; fileRef = 50D1D6A92763AAA2009D52C0 /* DMSans-MediumItalic.ttf */; };
		50D1D6B02763AAA2009D52C0 /* DMSans-Italic.ttf in Resources */ = {isa = PBXBuildFile; fileRef = 50D1D6AA2763AAA2009D52C0 /* DMSans-Italic.ttf */; };
		50D1D6B12763AAA2009D52C0 /* DMSans-Regular.ttf in Resources */ = {isa = PBXBuildFile; fileRef = 50D1D6AB2763AAA2009D52C0 /* DMSans-Regular.ttf */; };
		81AB9BB82411601600AC10FF /* LaunchScreen.storyboard in Resources */ = {isa = PBXBuildFile; fileRef = 81AB9BB72411601600AC10FF /* LaunchScreen.storyboard */; };
		9609D00027F4DE8D00CE3F93 /* RCTDateModule.mm in Sources */ = {isa = PBXBuildFile; fileRef = 9609CFFF27F4DE8D00CE3F93 /* RCTDateModule.mm */; };
		962862712BDCCAF70073839C /* BuildFile in Frameworks */ = {isa = PBXBuildFile; };
		962862722BDCCAF70073839C /* BuildFile in Frameworks */ = {isa = PBXBuildFile; };
		962862732BDCCAF70073839C /* BuildFile in Frameworks */ = {isa = PBXBuildFile; };
		962862742BDCCAF70073839C /* BuildFile in Frameworks */ = {isa = PBXBuildFile; };
		96E4147327BEE4C300CE6EC1 /* NotificationService.swift in Sources */ = {isa = PBXBuildFile; fileRef = 96E4147227BEE4C300CE6EC1 /* NotificationService.swift */; };
		96E4147727BEE4C300CE6EC1 /* OneSignalNotificationServiceExtension.appex in Embed App Extensions */ = {isa = PBXBuildFile; fileRef = 96E4147027BEE4C300CE6EC1 /* OneSignalNotificationServiceExtension.appex */; settings = {ATTRIBUTES = (RemoveHeadersOnCopy, ); }; };
		9D05C88528527DF0008198FC /* HeliumWalletWidgetProvider.swift in Sources */ = {isa = PBXBuildFile; fileRef = 9D05C88428527DF0008198FC /* HeliumWalletWidgetProvider.swift */; };
		9D05C88728527E1E008198FC /* HeliumWalletWidgetSmallView.swift in Sources */ = {isa = PBXBuildFile; fileRef = 9D05C88628527E1E008198FC /* HeliumWalletWidgetSmallView.swift */; };
		9D05C88928527E40008198FC /* HeliumWalletWidgetMediumView.swift in Sources */ = {isa = PBXBuildFile; fileRef = 9D05C88828527E40008198FC /* HeliumWalletWidgetMediumView.swift */; };
		9D05C88B28527E6A008198FC /* HeliumWalletWidgetLargeView.swift in Sources */ = {isa = PBXBuildFile; fileRef = 9D05C88A28527E6A008198FC /* HeliumWalletWidgetLargeView.swift */; };
		9D05C89928541439008198FC /* README.MD in Sources */ = {isa = PBXBuildFile; fileRef = 9D05C89828541439008198FC /* README.MD */; };
		9D1EF6212861C00C00E4A111 /* Colors.swift in Sources */ = {isa = PBXBuildFile; fileRef = 9D1EF6202861C00C00E4A111 /* Colors.swift */; };
		9D1EF6222861C01100E4A111 /* Jazzicon.swift in Sources */ = {isa = PBXBuildFile; fileRef = 9D1EF61E2861BFF600E4A111 /* Jazzicon.swift */; };
		9D1EF6242861C03800E4A111 /* AddressGen.swift in Sources */ = {isa = PBXBuildFile; fileRef = 9D1EF6232861C03800E4A111 /* AddressGen.swift */; };
		9D1EF62A2861C2A200E4A111 /* Squall.swift in Sources */ = {isa = PBXBuildFile; fileRef = 9D1EF6282861C2A200E4A111 /* Squall.swift */; };
		9D1EF62B2861C2A200E4A111 /* Mersenne.swift in Sources */ = {isa = PBXBuildFile; fileRef = 9D1EF6292861C2A200E4A111 /* Mersenne.swift */; };
		9D235EA429E5B0E100749F56 /* WidgetAPI.swift in Sources */ = {isa = PBXBuildFile; fileRef = 9D235EA329E5B0E100749F56 /* WidgetAPI.swift */; };
		9D235EA529E5BD6800749F56 /* WidgetAPI.swift in Sources */ = {isa = PBXBuildFile; fileRef = 9D235EA329E5B0E100749F56 /* WidgetAPI.swift */; };
		9D6837A029E8504400785952 /* Utils.swift in Sources */ = {isa = PBXBuildFile; fileRef = 9DE3051D28510E3900E46F9B /* Utils.swift */; };
		9D68A27C28A0403E008CE4C8 /* HeliumTickerAccessoryCirclularView.swift in Sources */ = {isa = PBXBuildFile; fileRef = 9D68A27B28A0403E008CE4C8 /* HeliumTickerAccessoryCirclularView.swift */; };
		9D7DB3AF2850EC14004D9409 /* WidgetKit.framework in Frameworks */ = {isa = PBXBuildFile; fileRef = 9D24073A284F9CCD0014D926 /* WidgetKit.framework */; };
		9D7DB3B02850EC14004D9409 /* SwiftUI.framework in Frameworks */ = {isa = PBXBuildFile; fileRef = 9D24073C284F9CCD0014D926 /* SwiftUI.framework */; };
		9D7DB3B32850EC14004D9409 /* HeliumWalletWidgetEntryView.swift in Sources */ = {isa = PBXBuildFile; fileRef = 9D7DB3B22850EC14004D9409 /* HeliumWalletWidgetEntryView.swift */; };
		9D7DB3B62850EC15004D9409 /* Assets.xcassets in Resources */ = {isa = PBXBuildFile; fileRef = 9D7DB3B52850EC15004D9409 /* Assets.xcassets */; };
		9D7DB3B82850EC15004D9409 /* HeliumWalletWidget.intentdefinition in Sources */ = {isa = PBXBuildFile; fileRef = 9D7DB3B42850EC14004D9409 /* HeliumWalletWidget.intentdefinition */; };
		9D7DB3B92850EC15004D9409 /* HeliumWalletWidget.intentdefinition in Sources */ = {isa = PBXBuildFile; fileRef = 9D7DB3B42850EC14004D9409 /* HeliumWalletWidget.intentdefinition */; };
		9D7DB3BC2850EC15004D9409 /* HeliumWalletWidgetExtension.appex in Embed App Extensions */ = {isa = PBXBuildFile; fileRef = 9D7DB3AE2850EC14004D9409 /* HeliumWalletWidgetExtension.appex */; settings = {ATTRIBUTES = (RemoveHeadersOnCopy, ); }; };
		9DB500B5285D341D009C8341 /* HeliumBalanceWidgetSmallView.swift in Sources */ = {isa = PBXBuildFile; fileRef = 9DB500B1285D341D009C8341 /* HeliumBalanceWidgetSmallView.swift */; };
		9DB500B7285D341D009C8341 /* HeliumBalanceWidget.swift in Sources */ = {isa = PBXBuildFile; fileRef = 9DB500B3285D341D009C8341 /* HeliumBalanceWidget.swift */; };
		9DB500B8285D341D009C8341 /* HeliumBalanceWidgetProvider.swift in Sources */ = {isa = PBXBuildFile; fileRef = 9DB500B4285D341D009C8341 /* HeliumBalanceWidgetProvider.swift */; };
		9DB50127285D885B009C8341 /* SmallWidgetViews.swift in Sources */ = {isa = PBXBuildFile; fileRef = 9DB50126285D885B009C8341 /* SmallWidgetViews.swift */; };
		9DCA365F28E6781D000F2A66 /* Charts in Frameworks */ = {isa = PBXBuildFile; productRef = 9DCA365E28E6781D000F2A66 /* Charts */; };
		9DE3051C28510B8E00E46F9B /* HeliumWalletWidgetBundle.swift in Sources */ = {isa = PBXBuildFile; fileRef = 9DE3051B28510B8E00E46F9B /* HeliumWalletWidgetBundle.swift */; };
		9DE3051E28510E3900E46F9B /* Utils.swift in Sources */ = {isa = PBXBuildFile; fileRef = 9DE3051D28510E3900E46F9B /* Utils.swift */; };
		9DE305212851187D00E46F9B /* Localizable.strings in Resources */ = {isa = PBXBuildFile; fileRef = 9DE305232851187D00E46F9B /* Localizable.strings */; };
		9DF6297C28D159FD002601C9 /* HeliumTickerAccessoryCornerView.swift in Sources */ = {isa = PBXBuildFile; fileRef = 9DF6297B28D159FD002601C9 /* HeliumTickerAccessoryCornerView.swift */; };
		9DF6297E28D1782D002601C9 /* HeliumTickerAccessoryRectangularView.swift in Sources */ = {isa = PBXBuildFile; fileRef = 9DF6297D28D1782D002601C9 /* HeliumTickerAccessoryRectangularView.swift */; };
		9DF6298128D1787A002601C9 /* HeliumTickerAccessoryInlineView.swift in Sources */ = {isa = PBXBuildFile; fileRef = 9DF6298028D1787A002601C9 /* HeliumTickerAccessoryInlineView.swift */; };
		B3469F859005A4F164D08293 /* libPods-HeliumWallet-HeliumWalletTests.a in Frameworks */ = {isa = PBXBuildFile; fileRef = 48E9A2B05D9F581F3DF9C71D /* libPods-HeliumWallet-HeliumWalletTests.a */; };
		C4EB4BD0A9AAABC0002181CC /* libPods-OneSignalNotificationServiceExtension.a in Frameworks */ = {isa = PBXBuildFile; fileRef = EEBF83C5FBCC751A9EDED17B /* libPods-OneSignalNotificationServiceExtension.a */; };
		FF4005BEC912D578BBB1B681 /* libPods-HeliumWalletWidgetExtension.a in Frameworks */ = {isa = PBXBuildFile; fileRef = 596BDD75E9EC4091C6156C0E /* libPods-HeliumWalletWidgetExtension.a */; };
/* End PBXBuildFile section */

/* Begin PBXContainerItemProxy section */
		00E356F41AD99517003FC87E /* PBXContainerItemProxy */ = {
			isa = PBXContainerItemProxy;
			containerPortal = 83CBB9F71A601CBA00E9B192 /* Project object */;
			proxyType = 1;
			remoteGlobalIDString = 13B07F861A680F5B00A75B9A;
			remoteInfo = HeliumWallet;
		};
		96E4147527BEE4C300CE6EC1 /* PBXContainerItemProxy */ = {
			isa = PBXContainerItemProxy;
			containerPortal = 83CBB9F71A601CBA00E9B192 /* Project object */;
			proxyType = 1;
			remoteGlobalIDString = 96E4146F27BEE4C300CE6EC1;
			remoteInfo = OneSignalNotificationServiceExtension;
		};
		9D7DB3BA2850EC15004D9409 /* PBXContainerItemProxy */ = {
			isa = PBXContainerItemProxy;
			containerPortal = 83CBB9F71A601CBA00E9B192 /* Project object */;
			proxyType = 1;
			remoteGlobalIDString = 9D7DB3AD2850EC14004D9409;
			remoteInfo = HeliumWalletWidgetExtension;
		};
/* End PBXContainerItemProxy section */

/* Begin PBXCopyFilesBuildPhase section */
		96E4147B27BEE4C300CE6EC1 /* Embed App Extensions */ = {
			isa = PBXCopyFilesBuildPhase;
			buildActionMask = 12;
			dstPath = "";
			dstSubfolderSpec = 13;
			files = (
				96E4147727BEE4C300CE6EC1 /* OneSignalNotificationServiceExtension.appex in Embed App Extensions */,
				9D7DB3BC2850EC15004D9409 /* HeliumWalletWidgetExtension.appex in Embed App Extensions */,
			);
			name = "Embed App Extensions";
			runOnlyForDeploymentPostprocessing = 0;
		};
		9DB500F9285D80DB009C8341 /* Embed Watch Content */ = {
			isa = PBXCopyFilesBuildPhase;
			buildActionMask = 2147483647;
			dstPath = "$(CONTENTS_FOLDER_PATH)/Watch";
			dstSubfolderSpec = 16;
			files = (
			);
			name = "Embed Watch Content";
			runOnlyForDeploymentPostprocessing = 0;
		};
/* End PBXCopyFilesBuildPhase section */

/* Begin PBXFileReference section */
		00E356EE1AD99517003FC87E /* HeliumWalletTests.xctest */ = {isa = PBXFileReference; explicitFileType = wrapper.cfbundle; includeInIndex = 0; path = HeliumWalletTests.xctest; sourceTree = BUILT_PRODUCTS_DIR; };
		00E356F11AD99517003FC87E /* Info.plist */ = {isa = PBXFileReference; lastKnownFileType = text.plist.xml; path = Info.plist; sourceTree = "<group>"; };
		00E356F21AD99517003FC87E /* HeliumWalletTests.m */ = {isa = PBXFileReference; lastKnownFileType = sourcecode.c.objc; path = HeliumWalletTests.m; sourceTree = "<group>"; };
		13B07F961A680F5B00A75B9A /* HeliumWallet.app */ = {isa = PBXFileReference; explicitFileType = wrapper.application; includeInIndex = 0; path = HeliumWallet.app; sourceTree = BUILT_PRODUCTS_DIR; };
		13B07FAF1A68108700A75B9A /* AppDelegate.h */ = {isa = PBXFileReference; fileEncoding = 4; lastKnownFileType = sourcecode.c.h; name = AppDelegate.h; path = HeliumWallet/AppDelegate.h; sourceTree = "<group>"; };
		13B07FB01A68108700A75B9A /* AppDelegate.mm */ = {isa = PBXFileReference; fileEncoding = 4; lastKnownFileType = sourcecode.cpp.objcpp; name = AppDelegate.mm; path = HeliumWallet/AppDelegate.mm; sourceTree = "<group>"; };
		13B07FB51A68108700A75B9A /* Images.xcassets */ = {isa = PBXFileReference; lastKnownFileType = folder.assetcatalog; name = Images.xcassets; path = HeliumWallet/Images.xcassets; sourceTree = "<group>"; };
		13B07FB61A68108700A75B9A /* Info.plist */ = {isa = PBXFileReference; fileEncoding = 4; lastKnownFileType = text.plist.xml; name = Info.plist; path = HeliumWallet/Info.plist; sourceTree = "<group>"; };
		13B07FB71A68108700A75B9A /* main.mm */ = {isa = PBXFileReference; fileEncoding = 4; lastKnownFileType = sourcecode.cpp.objcpp; name = main.mm; path = HeliumWallet/main.mm; sourceTree = "<group>"; };
		1EFDB5FA77191A99A2371AFB /* Pods-HeliumWallet.debug.xcconfig */ = {isa = PBXFileReference; includeInIndex = 1; lastKnownFileType = text.xcconfig; name = "Pods-HeliumWallet.debug.xcconfig"; path = "Target Support Files/Pods-HeliumWallet/Pods-HeliumWallet.debug.xcconfig"; sourceTree = "<group>"; };
		1F0BFD5C668192F29DFDE754 /* Pods-OneSignalNotificationServiceExtension.release.xcconfig */ = {isa = PBXFileReference; includeInIndex = 1; lastKnownFileType = text.xcconfig; name = "Pods-OneSignalNotificationServiceExtension.release.xcconfig"; path = "Target Support Files/Pods-OneSignalNotificationServiceExtension/Pods-OneSignalNotificationServiceExtension.release.xcconfig"; sourceTree = "<group>"; };
		296757835722BB74360F9FEF /* ExpoModulesProvider.swift */ = {isa = PBXFileReference; includeInIndex = 1; lastKnownFileType = sourcecode.swift; name = ExpoModulesProvider.swift; path = "Pods/Target Support Files/Pods-HeliumWallet-HeliumWalletTests/ExpoModulesProvider.swift"; sourceTree = "<group>"; };
		3B30E772B033A435C849D9CD /* Pods-HeliumWalletWidgetExtension.release.xcconfig */ = {isa = PBXFileReference; includeInIndex = 1; lastKnownFileType = text.xcconfig; name = "Pods-HeliumWalletWidgetExtension.release.xcconfig"; path = "Target Support Files/Pods-HeliumWalletWidgetExtension/Pods-HeliumWalletWidgetExtension.release.xcconfig"; sourceTree = "<group>"; };
		48E9A2B05D9F581F3DF9C71D /* libPods-HeliumWallet-HeliumWalletTests.a */ = {isa = PBXFileReference; explicitFileType = archive.ar; includeInIndex = 0; path = "libPods-HeliumWallet-HeliumWalletTests.a"; sourceTree = BUILT_PRODUCTS_DIR; };
		4C49B6B232EE708CBD605BA8 /* Pods-HeliumWallet-HeliumWalletTests.debug.xcconfig */ = {isa = PBXFileReference; includeInIndex = 1; lastKnownFileType = text.xcconfig; name = "Pods-HeliumWallet-HeliumWalletTests.debug.xcconfig"; path = "Target Support Files/Pods-HeliumWallet-HeliumWalletTests/Pods-HeliumWallet-HeliumWalletTests.debug.xcconfig"; sourceTree = "<group>"; };
		508E6F6B26FA22F400774B67 /* HeliumWallet-Bridging-Header.h */ = {isa = PBXFileReference; lastKnownFileType = sourcecode.c.h; path = "HeliumWallet-Bridging-Header.h"; sourceTree = "<group>"; };
		50D1D6A42763AA88009D52C0 /* fonts */ = {isa = PBXFileReference; lastKnownFileType = folder; name = fonts; path = ../src/assets/fonts; sourceTree = "<group>"; };
		50D1D6A62763AAA2009D52C0 /* DMSans-Bold.ttf */ = {isa = PBXFileReference; lastKnownFileType = file; name = "DMSans-Bold.ttf"; path = "../src/assets/fonts/DMSans-Bold.ttf"; sourceTree = "<group>"; };
		50D1D6A72763AAA2009D52C0 /* DMSans-BoldItalic.ttf */ = {isa = PBXFileReference; lastKnownFileType = file; name = "DMSans-BoldItalic.ttf"; path = "../src/assets/fonts/DMSans-BoldItalic.ttf"; sourceTree = "<group>"; };
		50D1D6A82763AAA2009D52C0 /* DMSans-Medium.ttf */ = {isa = PBXFileReference; lastKnownFileType = file; name = "DMSans-Medium.ttf"; path = "../src/assets/fonts/DMSans-Medium.ttf"; sourceTree = "<group>"; };
		50D1D6A92763AAA2009D52C0 /* DMSans-MediumItalic.ttf */ = {isa = PBXFileReference; lastKnownFileType = file; name = "DMSans-MediumItalic.ttf"; path = "../src/assets/fonts/DMSans-MediumItalic.ttf"; sourceTree = "<group>"; };
		50D1D6AA2763AAA2009D52C0 /* DMSans-Italic.ttf */ = {isa = PBXFileReference; lastKnownFileType = file; name = "DMSans-Italic.ttf"; path = "../src/assets/fonts/DMSans-Italic.ttf"; sourceTree = "<group>"; };
		50D1D6AB2763AAA2009D52C0 /* DMSans-Regular.ttf */ = {isa = PBXFileReference; lastKnownFileType = file; name = "DMSans-Regular.ttf"; path = "../src/assets/fonts/DMSans-Regular.ttf"; sourceTree = "<group>"; };
		57910DBDCCCCDF8BFA3C6D9E /* Pods-OneSignalNotificationServiceExtension.debug.xcconfig */ = {isa = PBXFileReference; includeInIndex = 1; lastKnownFileType = text.xcconfig; name = "Pods-OneSignalNotificationServiceExtension.debug.xcconfig"; path = "Target Support Files/Pods-OneSignalNotificationServiceExtension/Pods-OneSignalNotificationServiceExtension.debug.xcconfig"; sourceTree = "<group>"; };
		596BDD75E9EC4091C6156C0E /* libPods-HeliumWalletWidgetExtension.a */ = {isa = PBXFileReference; explicitFileType = archive.ar; includeInIndex = 0; path = "libPods-HeliumWalletWidgetExtension.a"; sourceTree = BUILT_PRODUCTS_DIR; };
		645194928E31AE79BE70ED88 /* ExpoModulesProvider.swift */ = {isa = PBXFileReference; includeInIndex = 1; lastKnownFileType = sourcecode.swift; name = ExpoModulesProvider.swift; path = "Pods/Target Support Files/Pods-HeliumWallet/ExpoModulesProvider.swift"; sourceTree = "<group>"; };
		81AB9BB72411601600AC10FF /* LaunchScreen.storyboard */ = {isa = PBXFileReference; fileEncoding = 4; lastKnownFileType = file.storyboard; name = LaunchScreen.storyboard; path = HeliumWallet/LaunchScreen.storyboard; sourceTree = "<group>"; };
		9609CFFE27F4DE6200CE3F93 /* RCTDateModule.h */ = {isa = PBXFileReference; lastKnownFileType = sourcecode.c.h; path = RCTDateModule.h; sourceTree = "<group>"; };
		9609CFFF27F4DE8D00CE3F93 /* RCTDateModule.mm */ = {isa = PBXFileReference; lastKnownFileType = sourcecode.cpp.objcpp; path = RCTDateModule.mm; sourceTree = "<group>"; };
		96B459B126FE4DF20068E844 /* HeliumWallet.entitlements */ = {isa = PBXFileReference; lastKnownFileType = text.plist.entitlements; name = HeliumWallet.entitlements; path = HeliumWallet/HeliumWallet.entitlements; sourceTree = "<group>"; };
		96E4147027BEE4C300CE6EC1 /* OneSignalNotificationServiceExtension.appex */ = {isa = PBXFileReference; explicitFileType = "wrapper.app-extension"; includeInIndex = 0; path = OneSignalNotificationServiceExtension.appex; sourceTree = BUILT_PRODUCTS_DIR; };
		96E4147227BEE4C300CE6EC1 /* NotificationService.swift */ = {isa = PBXFileReference; lastKnownFileType = sourcecode.swift; path = NotificationService.swift; sourceTree = "<group>"; };
		96E4147427BEE4C300CE6EC1 /* Info.plist */ = {isa = PBXFileReference; lastKnownFileType = text.plist.xml; path = Info.plist; sourceTree = "<group>"; };
		96E4147C27BEE61400CE6EC1 /* OneSignalNotificationServiceExtension.entitlements */ = {isa = PBXFileReference; lastKnownFileType = text.plist.entitlements; path = OneSignalNotificationServiceExtension.entitlements; sourceTree = "<group>"; };
		9D05C88428527DF0008198FC /* HeliumWalletWidgetProvider.swift */ = {isa = PBXFileReference; lastKnownFileType = sourcecode.swift; path = HeliumWalletWidgetProvider.swift; sourceTree = "<group>"; };
		9D05C88628527E1E008198FC /* HeliumWalletWidgetSmallView.swift */ = {isa = PBXFileReference; lastKnownFileType = sourcecode.swift; path = HeliumWalletWidgetSmallView.swift; sourceTree = "<group>"; };
		9D05C88828527E40008198FC /* HeliumWalletWidgetMediumView.swift */ = {isa = PBXFileReference; lastKnownFileType = sourcecode.swift; path = HeliumWalletWidgetMediumView.swift; sourceTree = "<group>"; };
		9D05C88A28527E6A008198FC /* HeliumWalletWidgetLargeView.swift */ = {isa = PBXFileReference; lastKnownFileType = sourcecode.swift; path = HeliumWalletWidgetLargeView.swift; sourceTree = "<group>"; };
		9D05C89828541439008198FC /* README.MD */ = {isa = PBXFileReference; lastKnownFileType = net.daringfireball.markdown; path = README.MD; sourceTree = "<group>"; };
		9D1EF61E2861BFF600E4A111 /* Jazzicon.swift */ = {isa = PBXFileReference; lastKnownFileType = sourcecode.swift; path = Jazzicon.swift; sourceTree = "<group>"; };
		9D1EF6202861C00C00E4A111 /* Colors.swift */ = {isa = PBXFileReference; lastKnownFileType = sourcecode.swift; path = Colors.swift; sourceTree = "<group>"; };
		9D1EF6232861C03800E4A111 /* AddressGen.swift */ = {isa = PBXFileReference; lastKnownFileType = sourcecode.swift; path = AddressGen.swift; sourceTree = "<group>"; };
		9D1EF6282861C2A200E4A111 /* Squall.swift */ = {isa = PBXFileReference; fileEncoding = 4; lastKnownFileType = sourcecode.swift; path = Squall.swift; sourceTree = "<group>"; };
		9D1EF6292861C2A200E4A111 /* Mersenne.swift */ = {isa = PBXFileReference; fileEncoding = 4; lastKnownFileType = sourcecode.swift; path = Mersenne.swift; sourceTree = "<group>"; };
		9D235EA329E5B0E100749F56 /* WidgetAPI.swift */ = {isa = PBXFileReference; lastKnownFileType = sourcecode.swift; path = WidgetAPI.swift; sourceTree = "<group>"; };
		9D24073A284F9CCD0014D926 /* WidgetKit.framework */ = {isa = PBXFileReference; lastKnownFileType = wrapper.framework; name = WidgetKit.framework; path = System/Library/Frameworks/WidgetKit.framework; sourceTree = SDKROOT; };
		9D24073C284F9CCD0014D926 /* SwiftUI.framework */ = {isa = PBXFileReference; lastKnownFileType = wrapper.framework; name = SwiftUI.framework; path = System/Library/Frameworks/SwiftUI.framework; sourceTree = SDKROOT; };
		9D68A27B28A0403E008CE4C8 /* HeliumTickerAccessoryCirclularView.swift */ = {isa = PBXFileReference; lastKnownFileType = sourcecode.swift; path = HeliumTickerAccessoryCirclularView.swift; sourceTree = "<group>"; };
		9D755CDB2863C90600BCE6FD /* HeliumWalletWidget-Bridging-Header.h */ = {isa = PBXFileReference; lastKnownFileType = sourcecode.c.h; path = "HeliumWalletWidget-Bridging-Header.h"; sourceTree = "<group>"; };
		9D7DB3A82850E417004D9409 /* HeliumWalletDebug.entitlements */ = {isa = PBXFileReference; lastKnownFileType = text.plist.entitlements; name = HeliumWalletDebug.entitlements; path = HeliumWallet/HeliumWalletDebug.entitlements; sourceTree = "<group>"; };
		9D7DB3AE2850EC14004D9409 /* HeliumWalletWidgetExtension.appex */ = {isa = PBXFileReference; explicitFileType = "wrapper.app-extension"; includeInIndex = 0; path = HeliumWalletWidgetExtension.appex; sourceTree = BUILT_PRODUCTS_DIR; };
		9D7DB3B22850EC14004D9409 /* HeliumWalletWidgetEntryView.swift */ = {isa = PBXFileReference; lastKnownFileType = sourcecode.swift; path = HeliumWalletWidgetEntryView.swift; sourceTree = "<group>"; };
		9D7DB3B42850EC14004D9409 /* HeliumWalletWidget.intentdefinition */ = {isa = PBXFileReference; lastKnownFileType = file.intentdefinition; path = HeliumWalletWidget.intentdefinition; sourceTree = "<group>"; };
		9D7DB3B52850EC15004D9409 /* Assets.xcassets */ = {isa = PBXFileReference; lastKnownFileType = folder.assetcatalog; path = Assets.xcassets; sourceTree = "<group>"; };
		9D7DB3B72850EC15004D9409 /* Info.plist */ = {isa = PBXFileReference; lastKnownFileType = text.plist.xml; path = Info.plist; sourceTree = "<group>"; };
		9D8E25E5285CE4810079494A /* HeliumWalletWidgetExtension.entitlements */ = {isa = PBXFileReference; lastKnownFileType = text.plist.entitlements; path = HeliumWalletWidgetExtension.entitlements; sourceTree = "<group>"; };
		9DB500B1285D341D009C8341 /* HeliumBalanceWidgetSmallView.swift */ = {isa = PBXFileReference; fileEncoding = 4; lastKnownFileType = sourcecode.swift; path = HeliumBalanceWidgetSmallView.swift; sourceTree = "<group>"; };
		9DB500B3285D341D009C8341 /* HeliumBalanceWidget.swift */ = {isa = PBXFileReference; fileEncoding = 4; lastKnownFileType = sourcecode.swift; path = HeliumBalanceWidget.swift; sourceTree = "<group>"; };
		9DB500B4285D341D009C8341 /* HeliumBalanceWidgetProvider.swift */ = {isa = PBXFileReference; fileEncoding = 4; lastKnownFileType = sourcecode.swift; path = HeliumBalanceWidgetProvider.swift; sourceTree = "<group>"; };
		9DB50126285D885B009C8341 /* SmallWidgetViews.swift */ = {isa = PBXFileReference; lastKnownFileType = sourcecode.swift; path = SmallWidgetViews.swift; sourceTree = "<group>"; };
		9DE3051B28510B8E00E46F9B /* HeliumWalletWidgetBundle.swift */ = {isa = PBXFileReference; lastKnownFileType = sourcecode.swift; path = HeliumWalletWidgetBundle.swift; sourceTree = "<group>"; };
		9DE3051D28510E3900E46F9B /* Utils.swift */ = {isa = PBXFileReference; lastKnownFileType = sourcecode.swift; path = Utils.swift; sourceTree = "<group>"; };
		9DE305222851187D00E46F9B /* en */ = {isa = PBXFileReference; lastKnownFileType = text.plist.strings; name = en; path = en.lproj/Localizable.strings; sourceTree = "<group>"; };
		9DE3052628511C6600E46F9B /* ja */ = {isa = PBXFileReference; lastKnownFileType = text.plist.strings; name = ja; path = ja.lproj/Localizable.strings; sourceTree = "<group>"; };
		9DE3052728511C6C00E46F9B /* ko */ = {isa = PBXFileReference; lastKnownFileType = text.plist.strings; name = ko; path = ko.lproj/Localizable.strings; sourceTree = "<group>"; };
		9DF6297B28D159FD002601C9 /* HeliumTickerAccessoryCornerView.swift */ = {isa = PBXFileReference; lastKnownFileType = sourcecode.swift; path = HeliumTickerAccessoryCornerView.swift; sourceTree = "<group>"; };
		9DF6297D28D1782D002601C9 /* HeliumTickerAccessoryRectangularView.swift */ = {isa = PBXFileReference; lastKnownFileType = sourcecode.swift; path = HeliumTickerAccessoryRectangularView.swift; sourceTree = "<group>"; };
		9DF6298028D1787A002601C9 /* HeliumTickerAccessoryInlineView.swift */ = {isa = PBXFileReference; lastKnownFileType = sourcecode.swift; path = HeliumTickerAccessoryInlineView.swift; sourceTree = "<group>"; };
		A887C33D5275223BA0B76656 /* Pods-HeliumWalletWidgetExtension.debug.xcconfig */ = {isa = PBXFileReference; includeInIndex = 1; lastKnownFileType = text.xcconfig; name = "Pods-HeliumWalletWidgetExtension.debug.xcconfig"; path = "Target Support Files/Pods-HeliumWalletWidgetExtension/Pods-HeliumWalletWidgetExtension.debug.xcconfig"; sourceTree = "<group>"; };
		B83B6ABAD63F1D810AF84CE5 /* libPods-HeliumWallet.a */ = {isa = PBXFileReference; explicitFileType = archive.ar; includeInIndex = 0; path = "libPods-HeliumWallet.a"; sourceTree = BUILT_PRODUCTS_DIR; };
		DABD45A4821A707AEDF47E54 /* Pods-HeliumWallet-HeliumWalletTests.release.xcconfig */ = {isa = PBXFileReference; includeInIndex = 1; lastKnownFileType = text.xcconfig; name = "Pods-HeliumWallet-HeliumWalletTests.release.xcconfig"; path = "Target Support Files/Pods-HeliumWallet-HeliumWalletTests/Pods-HeliumWallet-HeliumWalletTests.release.xcconfig"; sourceTree = "<group>"; };
		EA3C262A651DB9218F30F0E1 /* Pods-HeliumWallet.release.xcconfig */ = {isa = PBXFileReference; includeInIndex = 1; lastKnownFileType = text.xcconfig; name = "Pods-HeliumWallet.release.xcconfig"; path = "Target Support Files/Pods-HeliumWallet/Pods-HeliumWallet.release.xcconfig"; sourceTree = "<group>"; };
		ED297162215061F000B7C4FE /* JavaScriptCore.framework */ = {isa = PBXFileReference; lastKnownFileType = wrapper.framework; name = JavaScriptCore.framework; path = System/Library/Frameworks/JavaScriptCore.framework; sourceTree = SDKROOT; };
		EEBF83C5FBCC751A9EDED17B /* libPods-OneSignalNotificationServiceExtension.a */ = {isa = PBXFileReference; explicitFileType = archive.ar; includeInIndex = 0; path = "libPods-OneSignalNotificationServiceExtension.a"; sourceTree = BUILT_PRODUCTS_DIR; };
/* End PBXFileReference section */

/* Begin PBXFrameworksBuildPhase section */
		00E356EB1AD99517003FC87E /* Frameworks */ = {
			isa = PBXFrameworksBuildPhase;
			buildActionMask = 2147483647;
			files = (
				962862742BDCCAF70073839C /* BuildFile in Frameworks */,
				B3469F859005A4F164D08293 /* libPods-HeliumWallet-HeliumWalletTests.a in Frameworks */,
			);
			runOnlyForDeploymentPostprocessing = 0;
		};
		13B07F8C1A680F5B00A75B9A /* Frameworks */ = {
			isa = PBXFrameworksBuildPhase;
			buildActionMask = 2147483647;
			files = (
				962862712BDCCAF70073839C /* BuildFile in Frameworks */,
				31B6D29CFC726A9C37946D71 /* libPods-HeliumWallet.a in Frameworks */,
			);
			runOnlyForDeploymentPostprocessing = 0;
		};
		96E4146D27BEE4C300CE6EC1 /* Frameworks */ = {
			isa = PBXFrameworksBuildPhase;
			buildActionMask = 2147483647;
			files = (
				962862722BDCCAF70073839C /* BuildFile in Frameworks */,
				C4EB4BD0A9AAABC0002181CC /* libPods-OneSignalNotificationServiceExtension.a in Frameworks */,
			);
			runOnlyForDeploymentPostprocessing = 0;
		};
		9D7DB3AB2850EC14004D9409 /* Frameworks */ = {
			isa = PBXFrameworksBuildPhase;
			buildActionMask = 2147483647;
			files = (
				962862732BDCCAF70073839C /* BuildFile in Frameworks */,
				9D7DB3B02850EC14004D9409 /* SwiftUI.framework in Frameworks */,
				9D7DB3AF2850EC14004D9409 /* WidgetKit.framework in Frameworks */,
				9DCA365F28E6781D000F2A66 /* Charts in Frameworks */,
				FF4005BEC912D578BBB1B681 /* libPods-HeliumWalletWidgetExtension.a in Frameworks */,
			);
			runOnlyForDeploymentPostprocessing = 0;
		};
/* End PBXFrameworksBuildPhase section */

/* Begin PBXGroup section */
		00E356EF1AD99517003FC87E /* HeliumWalletTests */ = {
			isa = PBXGroup;
			children = (
				00E356F21AD99517003FC87E /* HeliumWalletTests.m */,
				00E356F01AD99517003FC87E /* Supporting Files */,
			);
			path = HeliumWalletTests;
			sourceTree = "<group>";
		};
		00E356F01AD99517003FC87E /* Supporting Files */ = {
			isa = PBXGroup;
			children = (
				00E356F11AD99517003FC87E /* Info.plist */,
			);
			name = "Supporting Files";
			sourceTree = "<group>";
		};
		13B07FAE1A68108700A75B9A /* HeliumWallet */ = {
			isa = PBXGroup;
			children = (
				9D7DB3A82850E417004D9409 /* HeliumWalletDebug.entitlements */,
				96B459B126FE4DF20068E844 /* HeliumWallet.entitlements */,
				13B07FAF1A68108700A75B9A /* AppDelegate.h */,
				13B07FB01A68108700A75B9A /* AppDelegate.mm */,
				13B07FB51A68108700A75B9A /* Images.xcassets */,
				13B07FB61A68108700A75B9A /* Info.plist */,
				81AB9BB72411601600AC10FF /* LaunchScreen.storyboard */,
				13B07FB71A68108700A75B9A /* main.mm */,
				508E6F6B26FA22F400774B67 /* HeliumWallet-Bridging-Header.h */,
				9609CFFE27F4DE6200CE3F93 /* RCTDateModule.h */,
				9609CFFF27F4DE8D00CE3F93 /* RCTDateModule.mm */,
			);
			name = HeliumWallet;
			sourceTree = "<group>";
		};
		1DC951AB9D06BB3015E8CAE6 /* ExpoModulesProviders */ = {
			isa = PBXGroup;
			children = (
				D467E3A104C283AE1AD782AF /* HeliumWallet */,
				7DF4DCCF0E6350A4BC3DF673 /* HeliumWalletTests */,
			);
			name = ExpoModulesProviders;
			sourceTree = "<group>";
		};
		2D16E6871FA4F8E400B85C8A /* Frameworks */ = {
			isa = PBXGroup;
			children = (
				ED297162215061F000B7C4FE /* JavaScriptCore.framework */,
				9D24073A284F9CCD0014D926 /* WidgetKit.framework */,
				9D24073C284F9CCD0014D926 /* SwiftUI.framework */,
				B83B6ABAD63F1D810AF84CE5 /* libPods-HeliumWallet.a */,
				48E9A2B05D9F581F3DF9C71D /* libPods-HeliumWallet-HeliumWalletTests.a */,
				596BDD75E9EC4091C6156C0E /* libPods-HeliumWalletWidgetExtension.a */,
				EEBF83C5FBCC751A9EDED17B /* libPods-OneSignalNotificationServiceExtension.a */,
			);
			name = Frameworks;
			sourceTree = "<group>";
		};
		7DF4DCCF0E6350A4BC3DF673 /* HeliumWalletTests */ = {
			isa = PBXGroup;
			children = (
				296757835722BB74360F9FEF /* ExpoModulesProvider.swift */,
			);
			name = HeliumWalletTests;
			sourceTree = "<group>";
		};
		832341AE1AAA6A7D00B99B32 /* Libraries */ = {
			isa = PBXGroup;
			children = (
			);
			name = Libraries;
			sourceTree = "<group>";
		};
		83CBB9F61A601CBA00E9B192 = {
			isa = PBXGroup;
			children = (
				50D1D6A62763AAA2009D52C0 /* DMSans-Bold.ttf */,
				50D1D6A72763AAA2009D52C0 /* DMSans-BoldItalic.ttf */,
				50D1D6AA2763AAA2009D52C0 /* DMSans-Italic.ttf */,
				50D1D6A82763AAA2009D52C0 /* DMSans-Medium.ttf */,
				50D1D6A92763AAA2009D52C0 /* DMSans-MediumItalic.ttf */,
				50D1D6AB2763AAA2009D52C0 /* DMSans-Regular.ttf */,
				50D1D6A42763AA88009D52C0 /* fonts */,
				13B07FAE1A68108700A75B9A /* HeliumWallet */,
				832341AE1AAA6A7D00B99B32 /* Libraries */,
				00E356EF1AD99517003FC87E /* HeliumWalletTests */,
				96E4147127BEE4C300CE6EC1 /* OneSignalNotificationServiceExtension */,
				9D7DB3B12850EC14004D9409 /* HeliumWalletWidget */,
				83CBBA001A601CBA00E9B192 /* Products */,
				2D16E6871FA4F8E400B85C8A /* Frameworks */,
				E233CBF5F47BEE60B243DCF8 /* Pods */,
				1DC951AB9D06BB3015E8CAE6 /* ExpoModulesProviders */,
			);
			indentWidth = 2;
			sourceTree = "<group>";
			tabWidth = 2;
			usesTabs = 0;
		};
		83CBBA001A601CBA00E9B192 /* Products */ = {
			isa = PBXGroup;
			children = (
				13B07F961A680F5B00A75B9A /* HeliumWallet.app */,
				00E356EE1AD99517003FC87E /* HeliumWalletTests.xctest */,
				96E4147027BEE4C300CE6EC1 /* OneSignalNotificationServiceExtension.appex */,
				9D7DB3AE2850EC14004D9409 /* HeliumWalletWidgetExtension.appex */,
			);
			name = Products;
			sourceTree = "<group>";
		};
		96E4147127BEE4C300CE6EC1 /* OneSignalNotificationServiceExtension */ = {
			isa = PBXGroup;
			children = (
				96E4147C27BEE61400CE6EC1 /* OneSignalNotificationServiceExtension.entitlements */,
				96E4147227BEE4C300CE6EC1 /* NotificationService.swift */,
				96E4147427BEE4C300CE6EC1 /* Info.plist */,
			);
			path = OneSignalNotificationServiceExtension;
			sourceTree = "<group>";
		};
		9D05C88228527CF5008198FC /* WalletWidget */ = {
			isa = PBXGroup;
			children = (
				9D7DB3B22850EC14004D9409 /* HeliumWalletWidgetEntryView.swift */,
				9DB50126285D885B009C8341 /* SmallWidgetViews.swift */,
				9D05C88628527E1E008198FC /* HeliumWalletWidgetSmallView.swift */,
				9D05C88828527E40008198FC /* HeliumWalletWidgetMediumView.swift */,
				9D05C88A28527E6A008198FC /* HeliumWalletWidgetLargeView.swift */,
				9D05C88428527DF0008198FC /* HeliumWalletWidgetProvider.swift */,
			);
			path = WalletWidget;
			sourceTree = "<group>";
		};
		9D05C88328527D02008198FC /* HNTBalanceWidget */ = {
			isa = PBXGroup;
			children = (
				9DF6297F28D17857002601C9 /* AccessoryViews */,
				9DB500B3285D341D009C8341 /* HeliumBalanceWidget.swift */,
				9DB500B1285D341D009C8341 /* HeliumBalanceWidgetSmallView.swift */,
				9DB500B4285D341D009C8341 /* HeliumBalanceWidgetProvider.swift */,
			);
			path = HNTBalanceWidget;
			sourceTree = "<group>";
		};
		9D1EF61D2861BFDF00E4A111 /* Jazzicon */ = {
			isa = PBXGroup;
			children = (
				9D1EF6272861C29400E4A111 /* Mersenne */,
				9D1EF61E2861BFF600E4A111 /* Jazzicon.swift */,
				9D1EF6202861C00C00E4A111 /* Colors.swift */,
				9D1EF6232861C03800E4A111 /* AddressGen.swift */,
			);
			path = Jazzicon;
			sourceTree = "<group>";
		};
		9D1EF6272861C29400E4A111 /* Mersenne */ = {
			isa = PBXGroup;
			children = (
				9D1EF6292861C2A200E4A111 /* Mersenne.swift */,
				9D1EF6282861C2A200E4A111 /* Squall.swift */,
			);
			path = Mersenne;
			sourceTree = "<group>";
		};
		9D235EA229E5B0CB00749F56 /* API */ = {
			isa = PBXGroup;
			children = (
				9D235EA329E5B0E100749F56 /* WidgetAPI.swift */,
			);
			path = API;
			sourceTree = "<group>";
		};
		9D7DB3B12850EC14004D9409 /* HeliumWalletWidget */ = {
			isa = PBXGroup;
			children = (
				9D8E25E5285CE4810079494A /* HeliumWalletWidgetExtension.entitlements */,
				9D755CDB2863C90600BCE6FD /* HeliumWalletWidget-Bridging-Header.h */,
				9D05C89828541439008198FC /* README.MD */,
				9D7DB3B72850EC15004D9409 /* Info.plist */,
				9D7DB3B52850EC15004D9409 /* Assets.xcassets */,
				9D235EA229E5B0CB00749F56 /* API */,
				9D1EF61D2861BFDF00E4A111 /* Jazzicon */,
				9D05C88228527CF5008198FC /* WalletWidget */,
				9D05C88328527D02008198FC /* HNTBalanceWidget */,
				9DE3051B28510B8E00E46F9B /* HeliumWalletWidgetBundle.swift */,
				9D7DB3B42850EC14004D9409 /* HeliumWalletWidget.intentdefinition */,
				9DE3051D28510E3900E46F9B /* Utils.swift */,
				9DE305232851187D00E46F9B /* Localizable.strings */,
			);
			path = HeliumWalletWidget;
			sourceTree = "<group>";
		};
		9DF6297F28D17857002601C9 /* AccessoryViews */ = {
			isa = PBXGroup;
			children = (
				9D68A27B28A0403E008CE4C8 /* HeliumTickerAccessoryCirclularView.swift */,
				9DF6297D28D1782D002601C9 /* HeliumTickerAccessoryRectangularView.swift */,
				9DF6298028D1787A002601C9 /* HeliumTickerAccessoryInlineView.swift */,
				9DF6297B28D159FD002601C9 /* HeliumTickerAccessoryCornerView.swift */,
			);
			path = AccessoryViews;
			sourceTree = "<group>";
		};
		D467E3A104C283AE1AD782AF /* HeliumWallet */ = {
			isa = PBXGroup;
			children = (
				645194928E31AE79BE70ED88 /* ExpoModulesProvider.swift */,
			);
			name = HeliumWallet;
			sourceTree = "<group>";
		};
		E233CBF5F47BEE60B243DCF8 /* Pods */ = {
			isa = PBXGroup;
			children = (
				1EFDB5FA77191A99A2371AFB /* Pods-HeliumWallet.debug.xcconfig */,
				EA3C262A651DB9218F30F0E1 /* Pods-HeliumWallet.release.xcconfig */,
				4C49B6B232EE708CBD605BA8 /* Pods-HeliumWallet-HeliumWalletTests.debug.xcconfig */,
				DABD45A4821A707AEDF47E54 /* Pods-HeliumWallet-HeliumWalletTests.release.xcconfig */,
				A887C33D5275223BA0B76656 /* Pods-HeliumWalletWidgetExtension.debug.xcconfig */,
				3B30E772B033A435C849D9CD /* Pods-HeliumWalletWidgetExtension.release.xcconfig */,
				57910DBDCCCCDF8BFA3C6D9E /* Pods-OneSignalNotificationServiceExtension.debug.xcconfig */,
				1F0BFD5C668192F29DFDE754 /* Pods-OneSignalNotificationServiceExtension.release.xcconfig */,
			);
			path = Pods;
			sourceTree = "<group>";
		};
/* End PBXGroup section */

/* Begin PBXNativeTarget section */
		00E356ED1AD99517003FC87E /* HeliumWalletTests */ = {
			isa = PBXNativeTarget;
			buildConfigurationList = 00E357021AD99517003FC87E /* Build configuration list for PBXNativeTarget "HeliumWalletTests" */;
			buildPhases = (
				9028240EA75F37A920F0A601 /* [CP] Check Pods Manifest.lock */,
				00E356EA1AD99517003FC87E /* Sources */,
				00E356EB1AD99517003FC87E /* Frameworks */,
				00E356EC1AD99517003FC87E /* Resources */,
				9EC311E204FD8179E63A526D /* [CP] Embed Pods Frameworks */,
				8246BEC33919195D1B9D91A4 /* [CP] Copy Pods Resources */,
			);
			buildRules = (
			);
			dependencies = (
				00E356F51AD99517003FC87E /* PBXTargetDependency */,
			);
			name = HeliumWalletTests;
			packageProductDependencies = (
				899688236472B5978CFDB459 /* Mapbox */,
			);
			productName = HeliumWalletTests;
			productReference = 00E356EE1AD99517003FC87E /* HeliumWalletTests.xctest */;
			productType = "com.apple.product-type.bundle.unit-test";
		};
		13B07F861A680F5B00A75B9A /* HeliumWallet */ = {
			isa = PBXNativeTarget;
			buildConfigurationList = 13B07F931A680F5B00A75B9A /* Build configuration list for PBXNativeTarget "HeliumWallet" */;
			buildPhases = (
				65C5AF6396F8DFD17E803EBE /* [CP] Check Pods Manifest.lock */,
				FD10A7F022414F080027D42C /* Start Packager */,
				13B07F871A680F5B00A75B9A /* Sources */,
				13B07F8E1A680F5B00A75B9A /* Resources */,
				13B07F8C1A680F5B00A75B9A /* Frameworks */,
				00DD1BFF1BD5951E006B06BC /* Bundle React Native code and images */,
				96E4147B27BEE4C300CE6EC1 /* Embed App Extensions */,
				9DB500F9285D80DB009C8341 /* Embed Watch Content */,
				D6069D5CBF749CB39B8B40B0 /* [CP] Embed Pods Frameworks */,
				40B0A9C7A23E4E11F7601018 /* [CP] Copy Pods Resources */,
				962862762BDCCBFE0073839C /* Remove signature files (Xcode 15 workaround) */,
			);
			buildRules = (
			);
			dependencies = (
				96E4147627BEE4C300CE6EC1 /* PBXTargetDependency */,
				9D7DB3BB2850EC15004D9409 /* PBXTargetDependency */,
			);
			name = HeliumWallet;
			packageProductDependencies = (
				5A94DB7A8D2811C850C94941 /* Mapbox */,
			);
			productName = HeliumWallet;
			productReference = 13B07F961A680F5B00A75B9A /* HeliumWallet.app */;
			productType = "com.apple.product-type.application";
		};
		96E4146F27BEE4C300CE6EC1 /* OneSignalNotificationServiceExtension */ = {
			isa = PBXNativeTarget;
			buildConfigurationList = 96E4147827BEE4C300CE6EC1 /* Build configuration list for PBXNativeTarget "OneSignalNotificationServiceExtension" */;
			buildPhases = (
				8FF98839E6B147BDD157D1B9 /* [CP] Check Pods Manifest.lock */,
				96E4146C27BEE4C300CE6EC1 /* Sources */,
				96E4146D27BEE4C300CE6EC1 /* Frameworks */,
				96E4146E27BEE4C300CE6EC1 /* Resources */,
			);
			buildRules = (
			);
			dependencies = (
			);
			name = OneSignalNotificationServiceExtension;
			packageProductDependencies = (
				CE0525B8C0183FCA3071F4F6 /* Mapbox */,
			);
			productName = OneSignalNotificationServiceExtension;
			productReference = 96E4147027BEE4C300CE6EC1 /* OneSignalNotificationServiceExtension.appex */;
			productType = "com.apple.product-type.app-extension";
		};
		9D7DB3AD2850EC14004D9409 /* HeliumWalletWidgetExtension */ = {
			isa = PBXNativeTarget;
			buildConfigurationList = 9D7DB3BD2850EC15004D9409 /* Build configuration list for PBXNativeTarget "HeliumWalletWidgetExtension" */;
			buildPhases = (
				A70E7B7083F62B64BE1C1714 /* [CP] Check Pods Manifest.lock */,
				9D7DB3AA2850EC14004D9409 /* Sources */,
				9D7DB3AB2850EC14004D9409 /* Frameworks */,
				9D7DB3AC2850EC14004D9409 /* Resources */,
			);
			buildRules = (
			);
			dependencies = (
			);
			name = HeliumWalletWidgetExtension;
			packageProductDependencies = (
				9DCA365E28E6781D000F2A66 /* Charts */,
				6B1147D96DED6C57572658F4 /* Mapbox */,
			);
			productName = HeliumWalletWidgetExtension;
			productReference = 9D7DB3AE2850EC14004D9409 /* HeliumWalletWidgetExtension.appex */;
			productType = "com.apple.product-type.app-extension";
		};
/* End PBXNativeTarget section */

/* Begin PBXProject section */
		83CBB9F71A601CBA00E9B192 /* Project object */ = {
			isa = PBXProject;
			attributes = {
				LastSwiftUpdateCheck = 1340;
				LastUpgradeCheck = 1210;
				TargetAttributes = {
					00E356ED1AD99517003FC87E = {
						CreatedOnToolsVersion = 6.2;
						TestTargetID = 13B07F861A680F5B00A75B9A;
					};
					13B07F861A680F5B00A75B9A = {
						LastSwiftMigration = 1300;
					};
					96E4146F27BEE4C300CE6EC1 = {
						CreatedOnToolsVersion = 13.2.1;
					};
					9D7DB3AD2850EC14004D9409 = {
						CreatedOnToolsVersion = 13.4;
					};
				};
			};
			buildConfigurationList = 83CBB9FA1A601CBA00E9B192 /* Build configuration list for PBXProject "HeliumWallet" */;
			compatibilityVersion = "Xcode 13.0";
			developmentRegion = en;
			hasScannedForEncodings = 0;
			knownRegions = (
				en,
				Base,
				ja,
				ko,
			);
			mainGroup = 83CBB9F61A601CBA00E9B192;
			packageReferences = (
				9DCA365B28E67516000F2A66 /* XCRemoteSwiftPackageReference "swiftui-charts" */,
				FC2F6DB42C72C0A0082909AF /* XCRemoteSwiftPackageReference "maplibre-gl-native-distribution" */,
			);
			productRefGroup = 83CBBA001A601CBA00E9B192 /* Products */;
			projectDirPath = "";
			projectRoot = "";
			targets = (
				13B07F861A680F5B00A75B9A /* HeliumWallet */,
				00E356ED1AD99517003FC87E /* HeliumWalletTests */,
				96E4146F27BEE4C300CE6EC1 /* OneSignalNotificationServiceExtension */,
				9D7DB3AD2850EC14004D9409 /* HeliumWalletWidgetExtension */,
			);
		};
/* End PBXProject section */

/* Begin PBXResourcesBuildPhase section */
		00E356EC1AD99517003FC87E /* Resources */ = {
			isa = PBXResourcesBuildPhase;
			buildActionMask = 2147483647;
			files = (
			);
			runOnlyForDeploymentPostprocessing = 0;
		};
		13B07F8E1A680F5B00A75B9A /* Resources */ = {
			isa = PBXResourcesBuildPhase;
			buildActionMask = 2147483647;
			files = (
				50D1D6AC2763AAA2009D52C0 /* DMSans-Bold.ttf in Resources */,
				50D1D6AD2763AAA2009D52C0 /* DMSans-BoldItalic.ttf in Resources */,
				50D1D6AE2763AAA2009D52C0 /* DMSans-Medium.ttf in Resources */,
				50D1D6AF2763AAA2009D52C0 /* DMSans-MediumItalic.ttf in Resources */,
				50D1D6B02763AAA2009D52C0 /* DMSans-Italic.ttf in Resources */,
				50D1D6B12763AAA2009D52C0 /* DMSans-Regular.ttf in Resources */,
				81AB9BB82411601600AC10FF /* LaunchScreen.storyboard in Resources */,
				13B07FBF1A68108700A75B9A /* Images.xcassets in Resources */,
			);
			runOnlyForDeploymentPostprocessing = 0;
		};
		96E4146E27BEE4C300CE6EC1 /* Resources */ = {
			isa = PBXResourcesBuildPhase;
			buildActionMask = 2147483647;
			files = (
			);
			runOnlyForDeploymentPostprocessing = 0;
		};
		9D7DB3AC2850EC14004D9409 /* Resources */ = {
			isa = PBXResourcesBuildPhase;
			buildActionMask = 2147483647;
			files = (
				9D7DB3B62850EC15004D9409 /* Assets.xcassets in Resources */,
				9DE305212851187D00E46F9B /* Localizable.strings in Resources */,
			);
			runOnlyForDeploymentPostprocessing = 0;
		};
/* End PBXResourcesBuildPhase section */

/* Begin PBXShellScriptBuildPhase section */
		00DD1BFF1BD5951E006B06BC /* Bundle React Native code and images */ = {
			isa = PBXShellScriptBuildPhase;
			buildActionMask = 2147483647;
			files = (
			);
			inputPaths = (
			);
			name = "Bundle React Native code and images";
			outputPaths = (
			);
			runOnlyForDeploymentPostprocessing = 0;
			shellPath = /bin/sh;
			shellScript = "export EXTRA_PACKAGER_ARGS=\"--sourcemap-output $DERIVED_FILE_DIR/main.jsbundle.map\"\nset -e\n\nexport NODE_ARGS=--max-old-space-size=8192\nexport NODE_BINARY=node\n../node_modules/react-native/scripts/react-native-xcode.sh\n";
		};
		40B0A9C7A23E4E11F7601018 /* [CP] Copy Pods Resources */ = {
			isa = PBXShellScriptBuildPhase;
			buildActionMask = 2147483647;
			files = (
			);
			inputFileListPaths = (
				"${PODS_ROOT}/Target Support Files/Pods-HeliumWallet/Pods-HeliumWallet-resources-${CONFIGURATION}-input-files.xcfilelist",
			);
			name = "[CP] Copy Pods Resources";
			outputFileListPaths = (
				"${PODS_ROOT}/Target Support Files/Pods-HeliumWallet/Pods-HeliumWallet-resources-${CONFIGURATION}-output-files.xcfilelist",
			);
			runOnlyForDeploymentPostprocessing = 0;
			shellPath = /bin/sh;
			shellScript = "\"${PODS_ROOT}/Target Support Files/Pods-HeliumWallet/Pods-HeliumWallet-resources.sh\"\n";
			showEnvVarsInLog = 0;
		};
		65C5AF6396F8DFD17E803EBE /* [CP] Check Pods Manifest.lock */ = {
			isa = PBXShellScriptBuildPhase;
			buildActionMask = 2147483647;
			files = (
			);
			inputFileListPaths = (
			);
			inputPaths = (
				"${PODS_PODFILE_DIR_PATH}/Podfile.lock",
				"${PODS_ROOT}/Manifest.lock",
			);
			name = "[CP] Check Pods Manifest.lock";
			outputFileListPaths = (
			);
			outputPaths = (
				"$(DERIVED_FILE_DIR)/Pods-HeliumWallet-checkManifestLockResult.txt",
			);
			runOnlyForDeploymentPostprocessing = 0;
			shellPath = /bin/sh;
			shellScript = "diff \"${PODS_PODFILE_DIR_PATH}/Podfile.lock\" \"${PODS_ROOT}/Manifest.lock\" > /dev/null\nif [ $? != 0 ] ; then\n    # print error to STDERR\n    echo \"error: The sandbox is not in sync with the Podfile.lock. Run 'pod install' or update your CocoaPods installation.\" >&2\n    exit 1\nfi\n# This output is used by Xcode 'outputs' to avoid re-running this script phase.\necho \"SUCCESS\" > \"${SCRIPT_OUTPUT_FILE_0}\"\n";
			showEnvVarsInLog = 0;
		};
		8246BEC33919195D1B9D91A4 /* [CP] Copy Pods Resources */ = {
			isa = PBXShellScriptBuildPhase;
			buildActionMask = 2147483647;
			files = (
			);
			inputFileListPaths = (
				"${PODS_ROOT}/Target Support Files/Pods-HeliumWallet-HeliumWalletTests/Pods-HeliumWallet-HeliumWalletTests-resources-${CONFIGURATION}-input-files.xcfilelist",
			);
			name = "[CP] Copy Pods Resources";
			outputFileListPaths = (
				"${PODS_ROOT}/Target Support Files/Pods-HeliumWallet-HeliumWalletTests/Pods-HeliumWallet-HeliumWalletTests-resources-${CONFIGURATION}-output-files.xcfilelist",
			);
			runOnlyForDeploymentPostprocessing = 0;
			shellPath = /bin/sh;
			shellScript = "\"${PODS_ROOT}/Target Support Files/Pods-HeliumWallet-HeliumWalletTests/Pods-HeliumWallet-HeliumWalletTests-resources.sh\"\n";
			showEnvVarsInLog = 0;
		};
		8FF98839E6B147BDD157D1B9 /* [CP] Check Pods Manifest.lock */ = {
			isa = PBXShellScriptBuildPhase;
			buildActionMask = 2147483647;
			files = (
			);
			inputFileListPaths = (
			);
			inputPaths = (
				"${PODS_PODFILE_DIR_PATH}/Podfile.lock",
				"${PODS_ROOT}/Manifest.lock",
			);
			name = "[CP] Check Pods Manifest.lock";
			outputFileListPaths = (
			);
			outputPaths = (
				"$(DERIVED_FILE_DIR)/Pods-OneSignalNotificationServiceExtension-checkManifestLockResult.txt",
			);
			runOnlyForDeploymentPostprocessing = 0;
			shellPath = /bin/sh;
			shellScript = "diff \"${PODS_PODFILE_DIR_PATH}/Podfile.lock\" \"${PODS_ROOT}/Manifest.lock\" > /dev/null\nif [ $? != 0 ] ; then\n    # print error to STDERR\n    echo \"error: The sandbox is not in sync with the Podfile.lock. Run 'pod install' or update your CocoaPods installation.\" >&2\n    exit 1\nfi\n# This output is used by Xcode 'outputs' to avoid re-running this script phase.\necho \"SUCCESS\" > \"${SCRIPT_OUTPUT_FILE_0}\"\n";
			showEnvVarsInLog = 0;
		};
		9028240EA75F37A920F0A601 /* [CP] Check Pods Manifest.lock */ = {
			isa = PBXShellScriptBuildPhase;
			buildActionMask = 2147483647;
			files = (
			);
			inputFileListPaths = (
			);
			inputPaths = (
				"${PODS_PODFILE_DIR_PATH}/Podfile.lock",
				"${PODS_ROOT}/Manifest.lock",
			);
			name = "[CP] Check Pods Manifest.lock";
			outputFileListPaths = (
			);
			outputPaths = (
				"$(DERIVED_FILE_DIR)/Pods-HeliumWallet-HeliumWalletTests-checkManifestLockResult.txt",
			);
			runOnlyForDeploymentPostprocessing = 0;
			shellPath = /bin/sh;
			shellScript = "diff \"${PODS_PODFILE_DIR_PATH}/Podfile.lock\" \"${PODS_ROOT}/Manifest.lock\" > /dev/null\nif [ $? != 0 ] ; then\n    # print error to STDERR\n    echo \"error: The sandbox is not in sync with the Podfile.lock. Run 'pod install' or update your CocoaPods installation.\" >&2\n    exit 1\nfi\n# This output is used by Xcode 'outputs' to avoid re-running this script phase.\necho \"SUCCESS\" > \"${SCRIPT_OUTPUT_FILE_0}\"\n";
			showEnvVarsInLog = 0;
		};
		962862762BDCCBFE0073839C /* Remove signature files (Xcode 15 workaround) */ = {
			isa = PBXShellScriptBuildPhase;
			buildActionMask = 8;
			files = (
			);
			inputFileListPaths = (
			);
			inputPaths = (
			);
			name = "Remove signature files (Xcode 15 workaround)";
			outputFileListPaths = (
			);
			outputPaths = (
			);
			runOnlyForDeploymentPostprocessing = 1;
			shellPath = /bin/sh;
			shellScript = "if [ \"$XCODE_VERSION_MAJOR\" = \"1500\" ]; then\n  echo \"Remove signature files (Xcode 15 workaround)\"\n  find \"$BUILD_DIR/${CONFIGURATION}-iphoneos\" -name \"*.signature\" -type f | xargs -r rm\nfi\n";
		};
		9EC311E204FD8179E63A526D /* [CP] Embed Pods Frameworks */ = {
			isa = PBXShellScriptBuildPhase;
			buildActionMask = 2147483647;
			files = (
			);
			inputFileListPaths = (
				"${PODS_ROOT}/Target Support Files/Pods-HeliumWallet-HeliumWalletTests/Pods-HeliumWallet-HeliumWalletTests-frameworks-${CONFIGURATION}-input-files.xcfilelist",
			);
			name = "[CP] Embed Pods Frameworks";
			outputFileListPaths = (
				"${PODS_ROOT}/Target Support Files/Pods-HeliumWallet-HeliumWalletTests/Pods-HeliumWallet-HeliumWalletTests-frameworks-${CONFIGURATION}-output-files.xcfilelist",
			);
			runOnlyForDeploymentPostprocessing = 0;
			shellPath = /bin/sh;
			shellScript = "\"${PODS_ROOT}/Target Support Files/Pods-HeliumWallet-HeliumWalletTests/Pods-HeliumWallet-HeliumWalletTests-frameworks.sh\"\n";
			showEnvVarsInLog = 0;
		};
		A70E7B7083F62B64BE1C1714 /* [CP] Check Pods Manifest.lock */ = {
			isa = PBXShellScriptBuildPhase;
			buildActionMask = 2147483647;
			files = (
			);
			inputFileListPaths = (
			);
			inputPaths = (
				"${PODS_PODFILE_DIR_PATH}/Podfile.lock",
				"${PODS_ROOT}/Manifest.lock",
			);
			name = "[CP] Check Pods Manifest.lock";
			outputFileListPaths = (
			);
			outputPaths = (
				"$(DERIVED_FILE_DIR)/Pods-HeliumWalletWidgetExtension-checkManifestLockResult.txt",
			);
			runOnlyForDeploymentPostprocessing = 0;
			shellPath = /bin/sh;
			shellScript = "diff \"${PODS_PODFILE_DIR_PATH}/Podfile.lock\" \"${PODS_ROOT}/Manifest.lock\" > /dev/null\nif [ $? != 0 ] ; then\n    # print error to STDERR\n    echo \"error: The sandbox is not in sync with the Podfile.lock. Run 'pod install' or update your CocoaPods installation.\" >&2\n    exit 1\nfi\n# This output is used by Xcode 'outputs' to avoid re-running this script phase.\necho \"SUCCESS\" > \"${SCRIPT_OUTPUT_FILE_0}\"\n";
			showEnvVarsInLog = 0;
		};
		D6069D5CBF749CB39B8B40B0 /* [CP] Embed Pods Frameworks */ = {
			isa = PBXShellScriptBuildPhase;
			buildActionMask = 2147483647;
			files = (
			);
			inputFileListPaths = (
				"${PODS_ROOT}/Target Support Files/Pods-HeliumWallet/Pods-HeliumWallet-frameworks-${CONFIGURATION}-input-files.xcfilelist",
			);
			name = "[CP] Embed Pods Frameworks";
			outputFileListPaths = (
				"${PODS_ROOT}/Target Support Files/Pods-HeliumWallet/Pods-HeliumWallet-frameworks-${CONFIGURATION}-output-files.xcfilelist",
			);
			runOnlyForDeploymentPostprocessing = 0;
			shellPath = /bin/sh;
			shellScript = "\"${PODS_ROOT}/Target Support Files/Pods-HeliumWallet/Pods-HeliumWallet-frameworks.sh\"\n";
			showEnvVarsInLog = 0;
		};
		FD10A7F022414F080027D42C /* Start Packager */ = {
			isa = PBXShellScriptBuildPhase;
			buildActionMask = 2147483647;
			files = (
			);
			inputFileListPaths = (
			);
			inputPaths = (
			);
			name = "Start Packager";
			outputFileListPaths = (
			);
			outputPaths = (
			);
			runOnlyForDeploymentPostprocessing = 0;
			shellPath = /bin/sh;
			shellScript = "export RCT_METRO_PORT=\"${RCT_METRO_PORT:=8081}\"\necho \"export RCT_METRO_PORT=${RCT_METRO_PORT}\" > \"${SRCROOT}/../node_modules/react-native/scripts/.packager.env\"\nif [ -z \"${RCT_NO_LAUNCH_PACKAGER+xxx}\" ] ; then\n  if nc -w 5 -z localhost ${RCT_METRO_PORT} ; then\n    if ! curl -s \"http://localhost:${RCT_METRO_PORT}/status\" | grep -q \"packager-status:running\" ; then\n      echo \"Port ${RCT_METRO_PORT} already in use, packager is either not running or not running correctly\"\n      exit 2\n    fi\n  else\n    open \"$SRCROOT/../node_modules/react-native/scripts/launchPackager.command\" || echo \"Can't start packager automatically\"\n  fi\nfi\n";
			showEnvVarsInLog = 0;
		};
/* End PBXShellScriptBuildPhase section */

/* Begin PBXSourcesBuildPhase section */
		00E356EA1AD99517003FC87E /* Sources */ = {
			isa = PBXSourcesBuildPhase;
			buildActionMask = 2147483647;
			files = (
				00E356F31AD99517003FC87E /* HeliumWalletTests.m in Sources */,
				1A7DAB918483F1C2761BA7A4 /* ExpoModulesProvider.swift in Sources */,
			);
			runOnlyForDeploymentPostprocessing = 0;
		};
		13B07F871A680F5B00A75B9A /* Sources */ = {
			isa = PBXSourcesBuildPhase;
			buildActionMask = 2147483647;
			files = (
				9D235EA429E5B0E100749F56 /* WidgetAPI.swift in Sources */,
				9609D00027F4DE8D00CE3F93 /* RCTDateModule.mm in Sources */,
				9D6837A029E8504400785952 /* Utils.swift in Sources */,
				9D7DB3B92850EC15004D9409 /* HeliumWalletWidget.intentdefinition in Sources */,
				13B07FBC1A68108700A75B9A /* AppDelegate.mm in Sources */,
				13B07FC11A68108700A75B9A /* main.mm in Sources */,
				45330C4A223536223298B2A3 /* ExpoModulesProvider.swift in Sources */,
			);
			runOnlyForDeploymentPostprocessing = 0;
		};
		96E4146C27BEE4C300CE6EC1 /* Sources */ = {
			isa = PBXSourcesBuildPhase;
			buildActionMask = 2147483647;
			files = (
				96E4147327BEE4C300CE6EC1 /* NotificationService.swift in Sources */,
			);
			runOnlyForDeploymentPostprocessing = 0;
		};
		9D7DB3AA2850EC14004D9409 /* Sources */ = {
			isa = PBXSourcesBuildPhase;
			buildActionMask = 2147483647;
			files = (
				9D1EF6212861C00C00E4A111 /* Colors.swift in Sources */,
				9D1EF62A2861C2A200E4A111 /* Squall.swift in Sources */,
				9D05C89928541439008198FC /* README.MD in Sources */,
				9D05C88528527DF0008198FC /* HeliumWalletWidgetProvider.swift in Sources */,
				9DF6297C28D159FD002601C9 /* HeliumTickerAccessoryCornerView.swift in Sources */,
				9DB500B7285D341D009C8341 /* HeliumBalanceWidget.swift in Sources */,
				9D1EF62B2861C2A200E4A111 /* Mersenne.swift in Sources */,
				9DE3051E28510E3900E46F9B /* Utils.swift in Sources */,
				9D05C88928527E40008198FC /* HeliumWalletWidgetMediumView.swift in Sources */,
				9D235EA529E5BD6800749F56 /* WidgetAPI.swift in Sources */,
				9D68A27C28A0403E008CE4C8 /* HeliumTickerAccessoryCirclularView.swift in Sources */,
				9DB500B5285D341D009C8341 /* HeliumBalanceWidgetSmallView.swift in Sources */,
				9DE3051C28510B8E00E46F9B /* HeliumWalletWidgetBundle.swift in Sources */,
				9DB500B8285D341D009C8341 /* HeliumBalanceWidgetProvider.swift in Sources */,
				9D1EF6242861C03800E4A111 /* AddressGen.swift in Sources */,
				9D7DB3B32850EC14004D9409 /* HeliumWalletWidgetEntryView.swift in Sources */,
				9DB50127285D885B009C8341 /* SmallWidgetViews.swift in Sources */,
				9D1EF6222861C01100E4A111 /* Jazzicon.swift in Sources */,
				9D7DB3B82850EC15004D9409 /* HeliumWalletWidget.intentdefinition in Sources */,
				9DF6298128D1787A002601C9 /* HeliumTickerAccessoryInlineView.swift in Sources */,
				9D05C88B28527E6A008198FC /* HeliumWalletWidgetLargeView.swift in Sources */,
				9D05C88728527E1E008198FC /* HeliumWalletWidgetSmallView.swift in Sources */,
				9DF6297E28D1782D002601C9 /* HeliumTickerAccessoryRectangularView.swift in Sources */,
			);
			runOnlyForDeploymentPostprocessing = 0;
		};
/* End PBXSourcesBuildPhase section */

/* Begin PBXTargetDependency section */
		00E356F51AD99517003FC87E /* PBXTargetDependency */ = {
			isa = PBXTargetDependency;
			target = 13B07F861A680F5B00A75B9A /* HeliumWallet */;
			targetProxy = 00E356F41AD99517003FC87E /* PBXContainerItemProxy */;
		};
		96E4147627BEE4C300CE6EC1 /* PBXTargetDependency */ = {
			isa = PBXTargetDependency;
			target = 96E4146F27BEE4C300CE6EC1 /* OneSignalNotificationServiceExtension */;
			targetProxy = 96E4147527BEE4C300CE6EC1 /* PBXContainerItemProxy */;
		};
		9D7DB3BB2850EC15004D9409 /* PBXTargetDependency */ = {
			isa = PBXTargetDependency;
			target = 9D7DB3AD2850EC14004D9409 /* HeliumWalletWidgetExtension */;
			targetProxy = 9D7DB3BA2850EC15004D9409 /* PBXContainerItemProxy */;
		};
/* End PBXTargetDependency section */

/* Begin PBXVariantGroup section */
		9DE305232851187D00E46F9B /* Localizable.strings */ = {
			isa = PBXVariantGroup;
			children = (
				9DE305222851187D00E46F9B /* en */,
				9DE3052628511C6600E46F9B /* ja */,
				9DE3052728511C6C00E46F9B /* ko */,
			);
			name = Localizable.strings;
			sourceTree = "<group>";
		};
/* End PBXVariantGroup section */

/* Begin XCBuildConfiguration section */
		00E356F61AD99517003FC87E /* Debug */ = {
			isa = XCBuildConfiguration;
			baseConfigurationReference = 4C49B6B232EE708CBD605BA8 /* Pods-HeliumWallet-HeliumWalletTests.debug.xcconfig */;
			buildSettings = {
				ALWAYS_EMBED_SWIFT_STANDARD_LIBRARIES = YES;
				BUNDLE_LOADER = "$(TEST_HOST)";
				DEVELOPMENT_TEAM = PVM9KJZ2AD;
				GCC_PREPROCESSOR_DEFINITIONS = (
					"DEBUG=1",
					"$(inherited)",
				);
				INFOPLIST_FILE = HeliumWalletTests/Info.plist;
				IPHONEOS_DEPLOYMENT_TARGET = 13.0;
				LD_RUNPATH_SEARCH_PATHS = (
					"$(inherited)",
					"@executable_path/Frameworks",
					"@loader_path/Frameworks",
				);
				OTHER_LDFLAGS = (
					"-ObjC",
					"-lc++",
					"$(inherited)",
				);
				OTHER_SWIFT_FLAGS = "$(inherited) -D EXPO_CONFIGURATION_DEBUG";
				PRODUCT_BUNDLE_IDENTIFIER = "org.reactjs.native.example.$(PRODUCT_NAME:rfc1034identifier)";
				PRODUCT_NAME = "$(TARGET_NAME)";
				TEST_HOST = "$(BUILT_PRODUCTS_DIR)/HeliumWallet.app/HeliumWallet";
			};
			name = Debug;
		};
		00E356F71AD99517003FC87E /* Release */ = {
			isa = XCBuildConfiguration;
			baseConfigurationReference = DABD45A4821A707AEDF47E54 /* Pods-HeliumWallet-HeliumWalletTests.release.xcconfig */;
			buildSettings = {
				ALWAYS_EMBED_SWIFT_STANDARD_LIBRARIES = YES;
				BUNDLE_LOADER = "$(TEST_HOST)";
				COPY_PHASE_STRIP = NO;
				DEVELOPMENT_TEAM = PVM9KJZ2AD;
				INFOPLIST_FILE = HeliumWalletTests/Info.plist;
				IPHONEOS_DEPLOYMENT_TARGET = 13.0;
				LD_RUNPATH_SEARCH_PATHS = (
					"$(inherited)",
					"@executable_path/Frameworks",
					"@loader_path/Frameworks",
				);
				OTHER_LDFLAGS = (
					"-ObjC",
					"-lc++",
					"$(inherited)",
				);
				OTHER_SWIFT_FLAGS = "$(inherited) -D EXPO_CONFIGURATION_RELEASE";
				PRODUCT_BUNDLE_IDENTIFIER = "org.reactjs.native.example.$(PRODUCT_NAME:rfc1034identifier)";
				PRODUCT_NAME = "$(TARGET_NAME)";
				TEST_HOST = "$(BUILT_PRODUCTS_DIR)/HeliumWallet.app/HeliumWallet";
			};
			name = Release;
		};
		13B07F941A680F5B00A75B9A /* Debug */ = {
			isa = XCBuildConfiguration;
			baseConfigurationReference = 1EFDB5FA77191A99A2371AFB /* Pods-HeliumWallet.debug.xcconfig */;
			buildSettings = {
				ALWAYS_EMBED_SWIFT_STANDARD_LIBRARIES = "$(inherited)";
				ASSETCATALOG_COMPILER_APPICON_NAME = AppIcon;
				CLANG_ENABLE_MODULES = YES;
				CODE_SIGN_ENTITLEMENTS = HeliumWallet/HeliumWallet.entitlements;
				CODE_SIGN_IDENTITY = "Apple Development";
				CODE_SIGN_STYLE = Automatic;
				CURRENT_PROJECT_VERSION = 1;
				DEFINES_MODULE = NO;
				DEVELOPMENT_TEAM = PVM9KJZ2AD;
				ENABLE_BITCODE = NO;
				"EXCLUDED_ARCHS[sdk=iphonesimulator*]" = arm64;
				INFOPLIST_FILE = HeliumWallet/Info.plist;
				IPHONEOS_DEPLOYMENT_TARGET = 13.0;
				LD_RUNPATH_SEARCH_PATHS = (
					"$(inherited)",
					"@executable_path/Frameworks",
				);
				MARKETING_VERSION = 2.8.1;
				ONLY_ACTIVE_ARCH = NO;
				OTHER_LDFLAGS = (
					"$(inherited)",
					"-ObjC",
					"-lc++",
				);
				OTHER_SWIFT_FLAGS = "$(inherited) -D EXPO_CONFIGURATION_DEBUG";
				PRODUCT_BUNDLE_IDENTIFIER = com.helium.wallet.app;
				PRODUCT_NAME = HeliumWallet;
				PROVISIONING_PROFILE_SPECIFIER = "";
				SWIFT_OBJC_BRIDGING_HEADER = "HeliumWallet-Bridging-Header.h";
				SWIFT_OPTIMIZATION_LEVEL = "-Onone";
				SWIFT_VERSION = 5.0;
				VERSIONING_SYSTEM = "apple-generic";
			};
			name = Debug;
		};
		13B07F951A680F5B00A75B9A /* Release */ = {
			isa = XCBuildConfiguration;
			baseConfigurationReference = EA3C262A651DB9218F30F0E1 /* Pods-HeliumWallet.release.xcconfig */;
			buildSettings = {
				ALWAYS_EMBED_SWIFT_STANDARD_LIBRARIES = "$(inherited)";
				ASSETCATALOG_COMPILER_APPICON_NAME = AppIcon;
				CLANG_ENABLE_MODULES = YES;
				CODE_SIGN_ENTITLEMENTS = HeliumWallet/HeliumWallet.entitlements;
				CODE_SIGN_IDENTITY = "Apple Development";
				CODE_SIGN_STYLE = Automatic;
				CURRENT_PROJECT_VERSION = 1;
				DEFINES_MODULE = NO;
				DEVELOPMENT_TEAM = PVM9KJZ2AD;
				"EXCLUDED_ARCHS[sdk=iphonesimulator*]" = arm64;
				INFOPLIST_FILE = HeliumWallet/Info.plist;
				IPHONEOS_DEPLOYMENT_TARGET = 13.0;
				LD_RUNPATH_SEARCH_PATHS = (
					"$(inherited)",
					"@executable_path/Frameworks",
				);
				MARKETING_VERSION = 2.8.1;
				OTHER_LDFLAGS = (
					"$(inherited)",
					"-ObjC",
					"-lc++",
				);
				OTHER_SWIFT_FLAGS = "$(inherited) -D EXPO_CONFIGURATION_RELEASE";
				PRODUCT_BUNDLE_IDENTIFIER = com.helium.wallet.app;
				PRODUCT_NAME = HeliumWallet;
				PROVISIONING_PROFILE_SPECIFIER = "";
				SWIFT_OBJC_BRIDGING_HEADER = "HeliumWallet-Bridging-Header.h";
				SWIFT_VERSION = 5.0;
				VERSIONING_SYSTEM = "apple-generic";
			};
			name = Release;
		};
		83CBBA201A601CBA00E9B192 /* Debug */ = {
			isa = XCBuildConfiguration;
			buildSettings = {
				ALWAYS_SEARCH_USER_PATHS = NO;
				CLANG_ANALYZER_LOCALIZABILITY_NONLOCALIZED = YES;
				CLANG_CXX_LANGUAGE_STANDARD = "c++17";
				CLANG_CXX_LIBRARY = "libc++";
				CLANG_ENABLE_MODULES = YES;
				CLANG_ENABLE_OBJC_ARC = YES;
				CLANG_WARN_BLOCK_CAPTURE_AUTORELEASING = YES;
				CLANG_WARN_BOOL_CONVERSION = YES;
				CLANG_WARN_COMMA = YES;
				CLANG_WARN_CONSTANT_CONVERSION = YES;
				CLANG_WARN_DEPRECATED_OBJC_IMPLEMENTATIONS = YES;
				CLANG_WARN_DIRECT_OBJC_ISA_USAGE = YES_ERROR;
				CLANG_WARN_EMPTY_BODY = YES;
				CLANG_WARN_ENUM_CONVERSION = YES;
				CLANG_WARN_INFINITE_RECURSION = YES;
				CLANG_WARN_INT_CONVERSION = YES;
				CLANG_WARN_NON_LITERAL_NULL_CONVERSION = YES;
				CLANG_WARN_OBJC_IMPLICIT_RETAIN_SELF = YES;
				CLANG_WARN_OBJC_LITERAL_CONVERSION = YES;
				CLANG_WARN_OBJC_ROOT_CLASS = YES_ERROR;
				CLANG_WARN_QUOTED_INCLUDE_IN_FRAMEWORK_HEADER = YES;
				CLANG_WARN_RANGE_LOOP_ANALYSIS = YES;
				CLANG_WARN_STRICT_PROTOTYPES = YES;
				CLANG_WARN_SUSPICIOUS_MOVE = YES;
				CLANG_WARN_UNREACHABLE_CODE = YES;
				CLANG_WARN__DUPLICATE_METHOD_MATCH = YES;
				"CODE_SIGN_IDENTITY[sdk=iphoneos*]" = "iPhone Developer";
				COPY_PHASE_STRIP = NO;
				DEFINES_MODULE = YES;
				ENABLE_STRICT_OBJC_MSGSEND = YES;
				ENABLE_TESTABILITY = YES;
				"EXCLUDED_ARCHS[sdk=iphonesimulator*]" = i386;
				GCC_C_LANGUAGE_STANDARD = gnu99;
				GCC_DYNAMIC_NO_PIC = NO;
				GCC_NO_COMMON_BLOCKS = YES;
				GCC_OPTIMIZATION_LEVEL = 0;
				GCC_PREPROCESSOR_DEFINITIONS = (
					"DEBUG=1",
					"$(inherited)",
				);
				GCC_SYMBOLS_PRIVATE_EXTERN = NO;
				GCC_WARN_64_TO_32_BIT_CONVERSION = YES;
				GCC_WARN_ABOUT_RETURN_TYPE = YES_ERROR;
				GCC_WARN_UNDECLARED_SELECTOR = YES;
				GCC_WARN_UNINITIALIZED_AUTOS = YES_AGGRESSIVE;
				GCC_WARN_UNUSED_FUNCTION = YES;
				GCC_WARN_UNUSED_VARIABLE = YES;
				IPHONEOS_DEPLOYMENT_TARGET = 13.0;
				LD_RUNPATH_SEARCH_PATHS = (
					/usr/lib/swift,
					"$(inherited)",
				);
				LIBRARY_SEARCH_PATHS = (
					"$(SDKROOT)/usr/lib/swift",
					"\"$(inherited)\"",
					"\"$(inherited)\"",
					"\"$(inherited)\"",
				);
				MTL_ENABLE_DEBUG_INFO = YES;
				ONLY_ACTIVE_ARCH = YES;
				REACT_NATIVE_PATH = "${PODS_ROOT}/../../node_modules/react-native";
				SDKROOT = iphoneos;
			};
			name = Debug;
		};
		83CBBA211A601CBA00E9B192 /* Release */ = {
			isa = XCBuildConfiguration;
			buildSettings = {
				ALWAYS_SEARCH_USER_PATHS = NO;
				CLANG_ANALYZER_LOCALIZABILITY_NONLOCALIZED = YES;
				CLANG_CXX_LANGUAGE_STANDARD = "c++17";
				CLANG_CXX_LIBRARY = "libc++";
				CLANG_ENABLE_MODULES = YES;
				CLANG_ENABLE_OBJC_ARC = YES;
				CLANG_WARN_BLOCK_CAPTURE_AUTORELEASING = YES;
				CLANG_WARN_BOOL_CONVERSION = YES;
				CLANG_WARN_COMMA = YES;
				CLANG_WARN_CONSTANT_CONVERSION = YES;
				CLANG_WARN_DEPRECATED_OBJC_IMPLEMENTATIONS = YES;
				CLANG_WARN_DIRECT_OBJC_ISA_USAGE = YES_ERROR;
				CLANG_WARN_EMPTY_BODY = YES;
				CLANG_WARN_ENUM_CONVERSION = YES;
				CLANG_WARN_INFINITE_RECURSION = YES;
				CLANG_WARN_INT_CONVERSION = YES;
				CLANG_WARN_NON_LITERAL_NULL_CONVERSION = YES;
				CLANG_WARN_OBJC_IMPLICIT_RETAIN_SELF = YES;
				CLANG_WARN_OBJC_LITERAL_CONVERSION = YES;
				CLANG_WARN_OBJC_ROOT_CLASS = YES_ERROR;
				CLANG_WARN_QUOTED_INCLUDE_IN_FRAMEWORK_HEADER = YES;
				CLANG_WARN_RANGE_LOOP_ANALYSIS = YES;
				CLANG_WARN_STRICT_PROTOTYPES = YES;
				CLANG_WARN_SUSPICIOUS_MOVE = YES;
				CLANG_WARN_UNREACHABLE_CODE = YES;
				CLANG_WARN__DUPLICATE_METHOD_MATCH = YES;
				"CODE_SIGN_IDENTITY[sdk=iphoneos*]" = "iPhone Developer";
				COPY_PHASE_STRIP = YES;
				DEFINES_MODULE = YES;
				ENABLE_NS_ASSERTIONS = NO;
				ENABLE_STRICT_OBJC_MSGSEND = YES;
				"EXCLUDED_ARCHS[sdk=iphonesimulator*]" = i386;
				GCC_C_LANGUAGE_STANDARD = gnu99;
				GCC_NO_COMMON_BLOCKS = YES;
				GCC_WARN_64_TO_32_BIT_CONVERSION = YES;
				GCC_WARN_ABOUT_RETURN_TYPE = YES_ERROR;
				GCC_WARN_UNDECLARED_SELECTOR = YES;
				GCC_WARN_UNINITIALIZED_AUTOS = YES_AGGRESSIVE;
				GCC_WARN_UNUSED_FUNCTION = YES;
				GCC_WARN_UNUSED_VARIABLE = YES;
				IPHONEOS_DEPLOYMENT_TARGET = 13.0;
				LD_RUNPATH_SEARCH_PATHS = (
					/usr/lib/swift,
					"$(inherited)",
				);
				LIBRARY_SEARCH_PATHS = "$(SDKROOT)/usr/lib/swift\"$(inherited)\"";
				MTL_ENABLE_DEBUG_INFO = NO;
				REACT_NATIVE_PATH = "${PODS_ROOT}/../../node_modules/react-native";
				SDKROOT = iphoneos;
				VALIDATE_PRODUCT = YES;
			};
			name = Release;
		};
		96E4147927BEE4C300CE6EC1 /* Debug */ = {
			isa = XCBuildConfiguration;
			baseConfigurationReference = 57910DBDCCCCDF8BFA3C6D9E /* Pods-OneSignalNotificationServiceExtension.debug.xcconfig */;
			buildSettings = {
				CLANG_ANALYZER_NONNULL = YES;
				CLANG_ANALYZER_NUMBER_OBJECT_CONVERSION = YES_AGGRESSIVE;
				CLANG_CXX_LANGUAGE_STANDARD = "gnu++17";
				CLANG_ENABLE_OBJC_WEAK = YES;
				CLANG_WARN_DOCUMENTATION_COMMENTS = YES;
				CLANG_WARN_UNGUARDED_AVAILABILITY = YES_AGGRESSIVE;
				CODE_SIGN_ENTITLEMENTS = OneSignalNotificationServiceExtension/OneSignalNotificationServiceExtension.entitlements;
				CODE_SIGN_IDENTITY = "Apple Development";
				CODE_SIGN_STYLE = Automatic;
				CURRENT_PROJECT_VERSION = 1;
				DEBUG_INFORMATION_FORMAT = dwarf;
				DEVELOPMENT_TEAM = PVM9KJZ2AD;
				"EXCLUDED_ARCHS[sdk=iphonesimulator*]" = arm64;
				GCC_C_LANGUAGE_STANDARD = gnu11;
				GENERATE_INFOPLIST_FILE = YES;
				INFOPLIST_FILE = OneSignalNotificationServiceExtension/Info.plist;
				INFOPLIST_KEY_CFBundleDisplayName = OneSignalNotificationServiceExtension;
				INFOPLIST_KEY_NSHumanReadableCopyright = "";
				IPHONEOS_DEPLOYMENT_TARGET = 13.0;
				LD_RUNPATH_SEARCH_PATHS = (
					"$(inherited)",
					"@executable_path/Frameworks",
					"@executable_path/../../Frameworks",
				);
				MARKETING_VERSION = 2.8.1;
				MTL_ENABLE_DEBUG_INFO = INCLUDE_SOURCE;
				MTL_FAST_MATH = YES;
				OTHER_SWIFT_FLAGS = "$(inherited) -D EXPO_CONFIGURATION_DEBUG";
				PRODUCT_BUNDLE_IDENTIFIER = com.helium.wallet.app.OneSignalNotificationServiceExtension;
				PRODUCT_NAME = "$(TARGET_NAME)";
				PROVISIONING_PROFILE_SPECIFIER = "";
				SKIP_INSTALL = YES;
				SWIFT_ACTIVE_COMPILATION_CONDITIONS = DEBUG;
				SWIFT_EMIT_LOC_STRINGS = YES;
				SWIFT_OPTIMIZATION_LEVEL = "-Onone";
				SWIFT_VERSION = 5.0;
				TARGETED_DEVICE_FAMILY = 1;
			};
			name = Debug;
		};
		96E4147A27BEE4C300CE6EC1 /* Release */ = {
			isa = XCBuildConfiguration;
			baseConfigurationReference = 1F0BFD5C668192F29DFDE754 /* Pods-OneSignalNotificationServiceExtension.release.xcconfig */;
			buildSettings = {
				CLANG_ANALYZER_NONNULL = YES;
				CLANG_ANALYZER_NUMBER_OBJECT_CONVERSION = YES_AGGRESSIVE;
				CLANG_CXX_LANGUAGE_STANDARD = "gnu++17";
				CLANG_ENABLE_OBJC_WEAK = YES;
				CLANG_WARN_DOCUMENTATION_COMMENTS = YES;
				CLANG_WARN_UNGUARDED_AVAILABILITY = YES_AGGRESSIVE;
				CODE_SIGN_ENTITLEMENTS = OneSignalNotificationServiceExtension/OneSignalNotificationServiceExtension.entitlements;
				CODE_SIGN_IDENTITY = "Apple Development";
				CODE_SIGN_STYLE = Automatic;
				COPY_PHASE_STRIP = NO;
				CURRENT_PROJECT_VERSION = 1;
				DEBUG_INFORMATION_FORMAT = "dwarf-with-dsym";
				DEVELOPMENT_TEAM = PVM9KJZ2AD;
				"EXCLUDED_ARCHS[sdk=iphonesimulator*]" = arm64;
				GCC_C_LANGUAGE_STANDARD = gnu11;
				GENERATE_INFOPLIST_FILE = YES;
				INFOPLIST_FILE = OneSignalNotificationServiceExtension/Info.plist;
				INFOPLIST_KEY_CFBundleDisplayName = OneSignalNotificationServiceExtension;
				INFOPLIST_KEY_NSHumanReadableCopyright = "";
				IPHONEOS_DEPLOYMENT_TARGET = 13.0;
				LD_RUNPATH_SEARCH_PATHS = (
					"$(inherited)",
					"@executable_path/Frameworks",
					"@executable_path/../../Frameworks",
				);
				MARKETING_VERSION = 2.8.1;
				MTL_FAST_MATH = YES;
				OTHER_SWIFT_FLAGS = "$(inherited) -D EXPO_CONFIGURATION_RELEASE";
				PRODUCT_BUNDLE_IDENTIFIER = com.helium.wallet.app.OneSignalNotificationServiceExtension;
				PRODUCT_NAME = "$(TARGET_NAME)";
				PROVISIONING_PROFILE_SPECIFIER = "";
				SKIP_INSTALL = YES;
				SWIFT_COMPILATION_MODE = wholemodule;
				SWIFT_EMIT_LOC_STRINGS = YES;
				SWIFT_OPTIMIZATION_LEVEL = "-O";
				SWIFT_VERSION = 5.0;
				TARGETED_DEVICE_FAMILY = 1;
			};
			name = Release;
		};
		9D7DB3BE2850EC15004D9409 /* Debug */ = {
			isa = XCBuildConfiguration;
			baseConfigurationReference = A887C33D5275223BA0B76656 /* Pods-HeliumWalletWidgetExtension.debug.xcconfig */;
			buildSettings = {
				ARCHS = "$(ARCHS_STANDARD)";
				ASSETCATALOG_COMPILER_APPICON_NAME = AppIcon;
				ASSETCATALOG_COMPILER_GLOBAL_ACCENT_COLOR_NAME = AccentColor;
				ASSETCATALOG_COMPILER_WIDGET_BACKGROUND_COLOR_NAME = WidgetBackground;
				CLANG_ANALYZER_NONNULL = YES;
				CLANG_ANALYZER_NUMBER_OBJECT_CONVERSION = YES_AGGRESSIVE;
				CLANG_CXX_LANGUAGE_STANDARD = "gnu++17";
				CLANG_ENABLE_OBJC_WEAK = YES;
				CLANG_WARN_DOCUMENTATION_COMMENTS = YES;
				CLANG_WARN_UNGUARDED_AVAILABILITY = YES_AGGRESSIVE;
				CODE_SIGN_ENTITLEMENTS = HeliumWalletWidget/HeliumWalletWidgetExtension.entitlements;
				CODE_SIGN_IDENTITY = "iPhone Developer";
				CODE_SIGN_STYLE = Automatic;
				CURRENT_PROJECT_VERSION = 1;
				DEBUG_INFORMATION_FORMAT = dwarf;
				DEFINES_MODULE = NO;
				DEVELOPMENT_TEAM = PVM9KJZ2AD;
				EXCLUDED_ARCHS = "";
				"EXCLUDED_ARCHS[sdk=iphonesimulator*]" = "";
				GCC_C_LANGUAGE_STANDARD = gnu11;
				GENERATE_INFOPLIST_FILE = YES;
				INFOPLIST_FILE = HeliumWalletWidget/Info.plist;
				INFOPLIST_KEY_NSHumanReadableCopyright = "";
				IPHONEOS_DEPLOYMENT_TARGET = 15.0;
				LD_RUNPATH_SEARCH_PATHS = (
					"$(inherited)",
					"@executable_path/Frameworks",
					"@executable_path/../../Frameworks",
				);
				MARKETING_VERSION = 2.8.1;
				MTL_ENABLE_DEBUG_INFO = INCLUDE_SOURCE;
				MTL_FAST_MATH = YES;
				OTHER_SWIFT_FLAGS = "$(inherited) -D EXPO_CONFIGURATION_DEBUG";
				PRODUCT_BUNDLE_IDENTIFIER = com.helium.wallet.app.HeliumWalletWidget;
				PRODUCT_NAME = "$(TARGET_NAME)";
				SKIP_INSTALL = YES;
				SWIFT_ACTIVE_COMPILATION_CONDITIONS = DEBUG;
				SWIFT_EMIT_LOC_STRINGS = YES;
				SWIFT_OBJC_BRIDGING_HEADER = "HeliumWalletWidget/HeliumWalletWidget-Bridging-Header.h";
				SWIFT_OPTIMIZATION_LEVEL = "-Onone";
				SWIFT_VERSION = 5.0;
				TARGETED_DEVICE_FAMILY = "1,2";
			};
			name = Debug;
		};
		9D7DB3BF2850EC15004D9409 /* Release */ = {
			isa = XCBuildConfiguration;
			baseConfigurationReference = 3B30E772B033A435C849D9CD /* Pods-HeliumWalletWidgetExtension.release.xcconfig */;
			buildSettings = {
				ARCHS = "$(ARCHS_STANDARD)";
				ASSETCATALOG_COMPILER_APPICON_NAME = AppIcon;
				ASSETCATALOG_COMPILER_GLOBAL_ACCENT_COLOR_NAME = AccentColor;
				ASSETCATALOG_COMPILER_WIDGET_BACKGROUND_COLOR_NAME = WidgetBackground;
				CLANG_ANALYZER_NONNULL = YES;
				CLANG_ANALYZER_NUMBER_OBJECT_CONVERSION = YES_AGGRESSIVE;
				CLANG_CXX_LANGUAGE_STANDARD = "gnu++17";
				CLANG_ENABLE_OBJC_WEAK = YES;
				CLANG_WARN_DOCUMENTATION_COMMENTS = YES;
				CLANG_WARN_UNGUARDED_AVAILABILITY = YES_AGGRESSIVE;
				CODE_SIGN_ENTITLEMENTS = HeliumWalletWidget/HeliumWalletWidgetExtension.entitlements;
				CODE_SIGN_IDENTITY = "iPhone Developer";
				CODE_SIGN_STYLE = Automatic;
				COPY_PHASE_STRIP = NO;
				CURRENT_PROJECT_VERSION = 1;
				DEBUG_INFORMATION_FORMAT = "dwarf-with-dsym";
				DEFINES_MODULE = NO;
				DEVELOPMENT_TEAM = PVM9KJZ2AD;
				EXCLUDED_ARCHS = "";
				GCC_C_LANGUAGE_STANDARD = gnu11;
				GENERATE_INFOPLIST_FILE = YES;
				INFOPLIST_FILE = HeliumWalletWidget/Info.plist;
				INFOPLIST_KEY_NSHumanReadableCopyright = "";
				IPHONEOS_DEPLOYMENT_TARGET = 15.0;
				LD_RUNPATH_SEARCH_PATHS = (
					"$(inherited)",
					"@executable_path/Frameworks",
					"@executable_path/../../Frameworks",
				);
				MARKETING_VERSION = 2.8.1;
				MTL_FAST_MATH = YES;
				OTHER_SWIFT_FLAGS = "$(inherited) -D EXPO_CONFIGURATION_RELEASE";
				PRODUCT_BUNDLE_IDENTIFIER = com.helium.wallet.app.HeliumWalletWidget;
				PRODUCT_NAME = "$(TARGET_NAME)";
				PROVISIONING_PROFILE_SPECIFIER = "";
				SKIP_INSTALL = YES;
				SWIFT_COMPILATION_MODE = wholemodule;
				SWIFT_EMIT_LOC_STRINGS = YES;
				SWIFT_OBJC_BRIDGING_HEADER = "HeliumWalletWidget/HeliumWalletWidget-Bridging-Header.h";
				SWIFT_OPTIMIZATION_LEVEL = "-O";
				SWIFT_VERSION = 5.0;
				TARGETED_DEVICE_FAMILY = "1,2";
			};
			name = Release;
		};
/* End XCBuildConfiguration section */

/* Begin XCConfigurationList section */
		00E357021AD99517003FC87E /* Build configuration list for PBXNativeTarget "HeliumWalletTests" */ = {
			isa = XCConfigurationList;
			buildConfigurations = (
				00E356F61AD99517003FC87E /* Debug */,
				00E356F71AD99517003FC87E /* Release */,
			);
			defaultConfigurationIsVisible = 0;
			defaultConfigurationName = Release;
		};
		13B07F931A680F5B00A75B9A /* Build configuration list for PBXNativeTarget "HeliumWallet" */ = {
			isa = XCConfigurationList;
			buildConfigurations = (
				13B07F941A680F5B00A75B9A /* Debug */,
				13B07F951A680F5B00A75B9A /* Release */,
			);
			defaultConfigurationIsVisible = 0;
			defaultConfigurationName = Release;
		};
		83CBB9FA1A601CBA00E9B192 /* Build configuration list for PBXProject "HeliumWallet" */ = {
			isa = XCConfigurationList;
			buildConfigurations = (
				83CBBA201A601CBA00E9B192 /* Debug */,
				83CBBA211A601CBA00E9B192 /* Release */,
			);
			defaultConfigurationIsVisible = 0;
			defaultConfigurationName = Release;
		};
		96E4147827BEE4C300CE6EC1 /* Build configuration list for PBXNativeTarget "OneSignalNotificationServiceExtension" */ = {
			isa = XCConfigurationList;
			buildConfigurations = (
				96E4147927BEE4C300CE6EC1 /* Debug */,
				96E4147A27BEE4C300CE6EC1 /* Release */,
			);
			defaultConfigurationIsVisible = 0;
			defaultConfigurationName = Release;
		};
		9D7DB3BD2850EC15004D9409 /* Build configuration list for PBXNativeTarget "HeliumWalletWidgetExtension" */ = {
			isa = XCConfigurationList;
			buildConfigurations = (
				9D7DB3BE2850EC15004D9409 /* Debug */,
				9D7DB3BF2850EC15004D9409 /* Release */,
			);
			defaultConfigurationIsVisible = 0;
			defaultConfigurationName = Release;
		};
/* End XCConfigurationList section */

/* Begin XCRemoteSwiftPackageReference section */
		9DCA365B28E67516000F2A66 /* XCRemoteSwiftPackageReference "swiftui-charts" */ = {
			isa = XCRemoteSwiftPackageReference;
			repositoryURL = "https://github.com/spacenation/swiftui-charts";
			requirement = {
				kind = upToNextMajorVersion;
				minimumVersion = 1.0.0;
			};
		};
		FC2F6DB42C72C0A0082909AF /* XCRemoteSwiftPackageReference "maplibre-gl-native-distribution" */ = {
			isa = XCRemoteSwiftPackageReference;
			repositoryURL = "https://github.com/maplibre/maplibre-gl-native-distribution";
			requirement = {
				kind = exactVersion;
				version = 5.13.0;
			};
		};
/* End XCRemoteSwiftPackageReference section */

/* Begin XCSwiftPackageProductDependency section */
		5A94DB7A8D2811C850C94941 /* Mapbox */ = {
			isa = XCSwiftPackageProductDependency;
			package = FC2F6DB42C72C0A0082909AF /* XCRemoteSwiftPackageReference "maplibre-gl-native-distribution" */;
			productName = Mapbox;
		};
		6B1147D96DED6C57572658F4 /* Mapbox */ = {
			isa = XCSwiftPackageProductDependency;
			package = FC2F6DB42C72C0A0082909AF /* XCRemoteSwiftPackageReference "maplibre-gl-native-distribution" */;
			productName = Mapbox;
		};
		899688236472B5978CFDB459 /* Mapbox */ = {
			isa = XCSwiftPackageProductDependency;
			package = FC2F6DB42C72C0A0082909AF /* XCRemoteSwiftPackageReference "maplibre-gl-native-distribution" */;
			productName = Mapbox;
		};
		9DCA365E28E6781D000F2A66 /* Charts */ = {
			isa = XCSwiftPackageProductDependency;
			package = 9DCA365B28E67516000F2A66 /* XCRemoteSwiftPackageReference "swiftui-charts" */;
			productName = Charts;
		};
		CE0525B8C0183FCA3071F4F6 /* Mapbox */ = {
			isa = XCSwiftPackageProductDependency;
			package = FC2F6DB42C72C0A0082909AF /* XCRemoteSwiftPackageReference "maplibre-gl-native-distribution" */;
			productName = Mapbox;
		};
/* End XCSwiftPackageProductDependency section */
	};
	rootObject = 83CBB9F71A601CBA00E9B192 /* Project object */;
}
